{
  "object": {
    "pins": [
      {
        "package": "DTPhotoViewerController",
        "repositoryURL": "https://github.com/tungvoduc/DTPhotoViewerController",
        "state": {
          "branch": null,
          "revision": "be2b855fc04fae5750e021c04a8f6d0d4ab18f92",
          "version": "3.1.1"
        }
      },
      {
        "package": "PanModal",
        "repositoryURL": "https://github.com/slackhq/PanModal",
        "state": {
          "branch": null,
          "revision": "b012aecb6b67a8e46369227f893c12544846613f",
          "version": "1.2.7"
        }
      },
      {
        "package": "SDWebImage",
        "repositoryURL": "https://github.com/SDWebImage/SDWebImage",
        "state": {
          "branch": null,
          "revision": "ae3d0a7703eb883a876864f17a4591158199e9f2",
          "version": "5.9.0"
        }
      },
      {
        "package": "SnapKit",
        "repositoryURL": "https://github.com/SnapKit/SnapKit",
        "state": {
          "branch": null,
          "revision": "d458564516e5676af9c70b4f4b2a9178294f1bc6",
          "version": "5.0.1"
        }
      },
      {
        "package": "SwiftyStoreKit",
        "repositoryURL": "https://github.com/bizz84/SwiftyStoreKit",
        "state": {
          "branch": null,
          "revision": "9974acf07b31b6f5bf363d5118dc1bd4fcac6122",
          "version": "0.16.1"
        }
      }
    ]
  },
  "version": 1
}
