// !$*UTF8*$!
{
	archiveVersion = 1;
	classes = {
	};
	objectVersion = 52;
	objects = {

/* Begin PBXBuildFile section */
		0A0260772497179F009C26FB /* PreviewViewController.swift in Sources */ = {isa = PBXBuildFile; fileRef = 0A0260762497179F009C26FB /* PreviewViewController.swift */; };
		0A0260822497334D009C26FB /* DatestampImageFilter.swift in Sources */ = {isa = PBXBuildFile; fileRef = 0A0260812497334C009C26FB /* DatestampImageFilter.swift */; };
		0A03EAFF2480ABC4001D8006 /* FXCollectionViewController.swift in Sources */ = {isa = PBXBuildFile; fileRef = 0A03EAFE2480ABC4001D8006 /* FXCollectionViewController.swift */; };
		0A03EB012480ABD1001D8006 /* FXCollectionViewCell.swift in Sources */ = {isa = PBXBuildFile; fileRef = 0A03EB002480ABD1001D8006 /* FXCollectionViewCell.swift */; };
		0A0F94CE247E501300E33AEC /* PanModal in Frameworks */ = {isa = PBXBuildFile; productRef = 0A0F94CD247E501300E33AEC /* PanModal */; };
		0A0F94D2247E55AC00E33AEC /* ModalHeaderPresentable.swift in Sources */ = {isa = PBXBuildFile; fileRef = 0A0F94D1247E55AC00E33AEC /* ModalHeaderPresentable.swift */; };
		0A1193BD249B56E30086604D /* Effect.swift in Sources */ = {isa = PBXBuildFile; fileRef = 0A1193BC249B56E30086604D /* Effect.swift */; };
		0A1193BF249B5AE60086604D /* ColourLeaksImageFilter.swift in Sources */ = {isa = PBXBuildFile; fileRef = 0A1193BE249B5AE60086604D /* ColourLeaksImageFilter.swift */; };
		0A1193C5249B702E0086604D /* LoadingViewController.swift in Sources */ = {isa = PBXBuildFile; fileRef = 0A1193C4249B702E0086604D /* LoadingViewController.swift */; };
		0A11FE60249CB6FE00016E74 /* GrainCustomisationViewController.swift in Sources */ = {isa = PBXBuildFile; fileRef = 0A11FE5F249CB6FE00016E74 /* GrainCustomisationViewController.swift */; };
		0A13EB2824EAC0C0008C4FD0 /* FilterInfoViewController.swift in Sources */ = {isa = PBXBuildFile; fileRef = 0A13EB2724EAC0C0008C4FD0 /* FilterInfoViewController.swift */; };
		0A1D97BE2477B94F00E4078F /* UIApplication.swift in Sources */ = {isa = PBXBuildFile; fileRef = 0A1D97BD2477B94F00E4078F /* UIApplication.swift */; };
		0A1D97C12477BACE00E4078F /* SnapKit in Frameworks */ = {isa = PBXBuildFile; productRef = 0A1D97C02477BACE00E4078F /* SnapKit */; };
		0A1D97C42477BFAE00E4078F /* SVHelper.swift in Sources */ = {isa = PBXBuildFile; fileRef = 0A1D97C32477BFAE00E4078F /* SVHelper.swift */; };
		0A1D97C82477C17A00E4078F /* CameraActionViewController.swift in Sources */ = {isa = PBXBuildFile; fileRef = 0A1D97C72477C17A00E4078F /* CameraActionViewController.swift */; };
		0A1D97CB2477CBB100E4078F /* ShutterButtonViewController.swift in Sources */ = {isa = PBXBuildFile; fileRef = 0A1D97CA2477CBB100E4078F /* ShutterButtonViewController.swift */; };
		0A1D97CD2477DDB900E4078F /* IconHelper.swift in Sources */ = {isa = PBXBuildFile; fileRef = 0A1D97CC2477DDB900E4078F /* IconHelper.swift */; };
		0A1D97D22477F21C00E4078F /* TapticHelper.swift in Sources */ = {isa = PBXBuildFile; fileRef = 0A1D97D12477F21C00E4078F /* TapticHelper.swift */; };
		0A1D97D42477F38900E4078F /* TimerEngine.swift in Sources */ = {isa = PBXBuildFile; fileRef = 0A1D97D32477F38900E4078F /* TimerEngine.swift */; };
		0A1D97D92478083900E4078F /* PhotoLibraryEngine.swift in Sources */ = {isa = PBXBuildFile; fileRef = 0A1D97D82478083900E4078F /* PhotoLibraryEngine.swift */; };
		0A267BC824E78F8F0025FB60 /* UIViewController.swift in Sources */ = {isa = PBXBuildFile; fileRef = 0A267BC724E78F8F0025FB60 /* UIViewController.swift */; };
		0A267BCA24E78F980025FB60 /* UIStackView.swift in Sources */ = {isa = PBXBuildFile; fileRef = 0A267BC924E78F980025FB60 /* UIStackView.swift */; };
		0A267BCC24E78F9F0025FB60 /* UIFont.swift in Sources */ = {isa = PBXBuildFile; fileRef = 0A267BCB24E78F9F0025FB60 /* UIFont.swift */; };
		0A267BCE24E78FA60025FB60 /* UIButton.swift in Sources */ = {isa = PBXBuildFile; fileRef = 0A267BCD24E78FA60025FB60 /* UIButton.swift */; };
		0A267BD024E78FB50025FB60 /* UIImage.swift in Sources */ = {isa = PBXBuildFile; fileRef = 0A267BCF24E78FB50025FB60 /* UIImage.swift */; };
		0A267BD224E78FBB0025FB60 /* String.swift in Sources */ = {isa = PBXBuildFile; fileRef = 0A267BD124E78FBB0025FB60 /* String.swift */; };
		0A267BD424E78FC20025FB60 /* UIView.swift in Sources */ = {isa = PBXBuildFile; fileRef = 0A267BD324E78FC20025FB60 /* UIView.swift */; };
		0A30641424A9BA5A005C9033 /* FilterRenderer.swift in Sources */ = {isa = PBXBuildFile; fileRef = 0A30641324A9BA5A005C9033 /* FilterRenderer.swift */; };
		0A31490B24A8A49B00168225 /* PreviewMetalView.swift in Sources */ = {isa = PBXBuildFile; fileRef = 0A31490A24A8A49B00168225 /* PreviewMetalView.swift */; };
		0A334629249A4F6B00FE8BCE /* FiltersDatasource.swift in Sources */ = {isa = PBXBuildFile; fileRef = 0A334628249A4F6B00FE8BCE /* FiltersDatasource.swift */; };
		0A3861D824ED04780066B003 /* Photo.swift in Sources */ = {isa = PBXBuildFile; fileRef = 0ABD6D3C2497803500C3CC4B /* Photo.swift */; };
		0A3D557A247F569E00BC0477 /* FiltersCollectionViewController.swift in Sources */ = {isa = PBXBuildFile; fileRef = 0A3D5579247F569E00BC0477 /* FiltersCollectionViewController.swift */; };
		0A3D557C247F5A4100BC0477 /* FiltersCollectionViewCell.swift in Sources */ = {isa = PBXBuildFile; fileRef = 0A3D557B247F5A4100BC0477 /* FiltersCollectionViewCell.swift */; };
		0A3D5580247F70FC00BC0477 /* PanModalNavigationController.swift in Sources */ = {isa = PBXBuildFile; fileRef = 0A3D557F247F70FC00BC0477 /* PanModalNavigationController.swift */; };
		0A3DFB9D2493ACC600765304 /* SettingsTableViewController.swift in Sources */ = {isa = PBXBuildFile; fileRef = 0A3DFB9C2493ACC600765304 /* SettingsTableViewController.swift */; };
		0A3F50A624ED19D800192DAE /* DataEngine.swift in Sources */ = {isa = PBXBuildFile; fileRef = 0AADEE70247B6987009FFA52 /* DataEngine.swift */; };
		0A43068124ADB20E00CA2E0F /* PassThrough.metal in Sources */ = {isa = PBXBuildFile; fileRef = 0A43067F24ADB20E00CA2E0F /* PassThrough.metal */; };
		0A44B29B2476A7F000603F2C /* AppDelegate.swift in Sources */ = {isa = PBXBuildFile; fileRef = 0A44B29A2476A7F000603F2C /* AppDelegate.swift */; };
		0A44B29D2476A7F000603F2C /* SceneDelegate.swift in Sources */ = {isa = PBXBuildFile; fileRef = 0A44B29C2476A7F000603F2C /* SceneDelegate.swift */; };
		0A44B29F2476A7F000603F2C /* CameraViewController.swift in Sources */ = {isa = PBXBuildFile; fileRef = 0A44B29E2476A7F000603F2C /* CameraViewController.swift */; };
		0A44B2A22476A7F000603F2C /* Main.storyboard in Resources */ = {isa = PBXBuildFile; fileRef = 0A44B2A02476A7F000603F2C /* Main.storyboard */; };
		0A44B2A42476A7F100603F2C /* Assets.xcassets in Resources */ = {isa = PBXBuildFile; fileRef = 0A44B2A32476A7F100603F2C /* Assets.xcassets */; };
		0A44B2A72476A7F100603F2C /* LaunchScreen.storyboard in Resources */ = {isa = PBXBuildFile; fileRef = 0A44B2A52476A7F100603F2C /* LaunchScreen.storyboard */; };
		0A4D58FD24A2108600C51189 /* LightleaksCustomisationViewController.swift in Sources */ = {isa = PBXBuildFile; fileRef = 0A4D58FC24A2108600C51189 /* LightleaksCustomisationViewController.swift */; };
		0A537D3D247E422A006E17C0 /* GPUImage.framework in Frameworks */ = {isa = PBXBuildFile; fileRef = 0A537D3C247E422A006E17C0 /* GPUImage.framework */; };
		0A537D3E247E423A006E17C0 /* GPUImage.framework in CopyFiles */ = {isa = PBXBuildFile; fileRef = 0A537D3C247E422A006E17C0 /* GPUImage.framework */; settings = {ATTRIBUTES = (CodeSignOnCopy, RemoveHeadersOnCopy, ); }; };
		0A5C087F24E0044E002E2D66 /* SettingsFooterView.swift in Sources */ = {isa = PBXBuildFile; fileRef = 0A5C087E24E0044E002E2D66 /* SettingsFooterView.swift */; };
		0A65AECD249CDEA7001B9124 /* RangeConverterHelper.swift in Sources */ = {isa = PBXBuildFile; fileRef = 0A65AECC249CDEA7001B9124 /* RangeConverterHelper.swift */; };
		0A66DEEB24E00AB500B197C6 /* FXInfoViewController.swift in Sources */ = {isa = PBXBuildFile; fileRef = 0A66DEEA24E00AB500B197C6 /* FXInfoViewController.swift */; };
		0A6B878D249E00C0001745B1 /* ColourleaksCustomisationViewController.swift in Sources */ = {isa = PBXBuildFile; fileRef = 0A6B878C249E00C0001745B1 /* ColourleaksCustomisationViewController.swift */; };
		0A71C88C24EB705A00C5449D /* FilterCollection.swift in Sources */ = {isa = PBXBuildFile; fileRef = 0A71C88B24EB705A00C5449D /* FilterCollection.swift */; };
		0A71C88E24EB749600C5449D /* FilterInfoCollectionViewCell.swift in Sources */ = {isa = PBXBuildFile; fileRef = 0A71C88D24EB749600C5449D /* FilterInfoCollectionViewCell.swift */; };
		0A73C4CC2499E92E00E46E9A /* Date Stamp Alt.otf in Resources */ = {isa = PBXBuildFile; fileRef = 0A73C4CB2499E92E00E46E9A /* Date Stamp Alt.otf */; };
		0A73C4D22499EEF900E46E9A /* Nuke in Frameworks */ = {isa = PBXBuildFile; productRef = 0A73C4D12499EEF900E46E9A /* Nuke */; };
		0A7BC0DA24EE7D0600262C5D /* Assets.xcassets in Resources */ = {isa = PBXBuildFile; fileRef = 0A44B2A32476A7F100603F2C /* Assets.xcassets */; };
		0A82B83424AC406600673F1A /* LUTRender.swift in Sources */ = {isa = PBXBuildFile; fileRef = 0A82B83324AC406600673F1A /* LUTRender.swift */; };
		0A9C07632494E67B003A0D16 /* LightLeaksImageFilter.swift in Sources */ = {isa = PBXBuildFile; fileRef = 0A9C07622494E67B003A0D16 /* LightLeaksImageFilter.swift */; };
		0A9F7F15248200800088E053 /* EmptyView.swift in Sources */ = {isa = PBXBuildFile; fileRef = 0A9F7F14248200800088E053 /* EmptyView.swift */; };
		0AA31190249E536C00659BD1 /* DustCustomisationViewController.swift in Sources */ = {isa = PBXBuildFile; fileRef = 0AA3118F249E536C00659BD1 /* DustCustomisationViewController.swift */; };
		0AA34A18249E5E2300C45361 /* CustomisationControlHeaderView.swift in Sources */ = {isa = PBXBuildFile; fileRef = 0AA34A17249E5E2300C45361 /* CustomisationControlHeaderView.swift */; };
		0AA8F0F2249D017D00B07519 /* FilterValue.swift in Sources */ = {isa = PBXBuildFile; fileRef = 0AA8F0F1249D017D00B07519 /* FilterValue.swift */; };
		0AADEE6F247B6541009FFA52 /* AlertHelper.swift in Sources */ = {isa = PBXBuildFile; fileRef = 0AADEE6E247B6541009FFA52 /* AlertHelper.swift */; };
		0AADEE71247B6987009FFA52 /* DataEngine.swift in Sources */ = {isa = PBXBuildFile; fileRef = 0AADEE70247B6987009FFA52 /* DataEngine.swift */; };
		0AADEE74247B732E009FFA52 /* LabCollectionViewController.swift in Sources */ = {isa = PBXBuildFile; fileRef = 0AADEE73247B732E009FFA52 /* LabCollectionViewController.swift */; };
		0AADEE7A247BB48E009FFA52 /* LabCollectionViewCell.swift in Sources */ = {isa = PBXBuildFile; fileRef = 0AADEE79247BB48E009FFA52 /* LabCollectionViewCell.swift */; };
		0AB2015724EF648300296B0F /* FilterInfoImagesCollectionViewController.swift in Sources */ = {isa = PBXBuildFile; fileRef = 0AB2015624EF648300296B0F /* FilterInfoImagesCollectionViewController.swift */; };
		0AB96FFC248A99FF00F1FF3C /* CloseButton.swift in Sources */ = {isa = PBXBuildFile; fileRef = 0AB96FFB248A99FF00F1FF3C /* CloseButton.swift */; };
		0ABD6D3D2497803500C3CC4B /* Photo.swift in Sources */ = {isa = PBXBuildFile; fileRef = 0ABD6D3C2497803500C3CC4B /* Photo.swift */; };
		0AC2F2A224ED0409007A5E33 /* WidgetKit.framework in Frameworks */ = {isa = PBXBuildFile; fileRef = 0AC2F28724ED00FE007A5E33 /* WidgetKit.framework */; };
		0AC2F2A324ED0409007A5E33 /* SwiftUI.framework in Frameworks */ = {isa = PBXBuildFile; fileRef = 0AC2F28924ED00FE007A5E33 /* SwiftUI.framework */; };
		0AC2F2A624ED0409007A5E33 /* KontaxCamWidget.swift in Sources */ = {isa = PBXBuildFile; fileRef = 0AC2F2A524ED0409007A5E33 /* KontaxCamWidget.swift */; };
		0AC2F2A924ED040B007A5E33 /* Assets.xcassets in Resources */ = {isa = PBXBuildFile; fileRef = 0AC2F2A824ED040B007A5E33 /* Assets.xcassets */; };
		0AC2F2AF24ED040B007A5E33 /* KontaxCamWidgetExtension.appex in Embed App Extensions */ = {isa = PBXBuildFile; fileRef = 0AC2F2A124ED0409007A5E33 /* KontaxCamWidgetExtension.appex */; settings = {ATTRIBUTES = (RemoveHeadersOnCopy, ); }; };
		0AC407C7247DDE2100BB0270 /* FilterEngine.swift in Sources */ = {isa = PBXBuildFile; fileRef = 0AC407C6247DDE2100BB0270 /* FilterEngine.swift */; };
		0AC407CA247DE04F00BB0270 /* FilterFactory.swift in Sources */ = {isa = PBXBuildFile; fileRef = 0AC407C9247DE04F00BB0270 /* FilterFactory.swift */; };
		0AC407CC247DE0C300BB0270 /* LUTImageFilter.swift in Sources */ = {isa = PBXBuildFile; fileRef = 0AC407CB247DE0C300BB0270 /* LUTImageFilter.swift */; };
		0AC407CE247DE90C00BB0270 /* GrainImageFilter.swift in Sources */ = {isa = PBXBuildFile; fileRef = 0AC407CD247DE90C00BB0270 /* GrainImageFilter.swift */; };
		0AC54C9F248AAB7C00D64D05 /* AppearanceTableViewController.swift in Sources */ = {isa = PBXBuildFile; fileRef = 0AC54C9E248AAB7C00D64D05 /* AppearanceTableViewController.swift */; };
		0AC735EE24B70E6D002BBE72 /* FilterLabelView.swift in Sources */ = {isa = PBXBuildFile; fileRef = 0AC735ED24B70E6D002BBE72 /* FilterLabelView.swift */; };
		0ACBADB824ED4DAF00D93708 /* PhotoEntry.swift in Sources */ = {isa = PBXBuildFile; fileRef = 0ACBADB624ED4D5900D93708 /* PhotoEntry.swift */; };
		0ACBADBB24ED4DF700D93708 /* MasterpieceWidgetProvider.swift in Sources */ = {isa = PBXBuildFile; fileRef = 0ACBADBA24ED4DF700D93708 /* MasterpieceWidgetProvider.swift */; };
		0ACBADBE24ED4E3000D93708 /* WidgetEntryView.swift in Sources */ = {isa = PBXBuildFile; fileRef = 0ACBADBD24ED4E3000D93708 /* WidgetEntryView.swift */; };
		0ACBADC024ED4EDA00D93708 /* masterpieceView.swift in Sources */ = {isa = PBXBuildFile; fileRef = 0ACBADBF24ED4EDA00D93708 /* masterpieceView.swift */; };
		0ACBADC324ED4F1000D93708 /* DateConverterHelper.swift in Sources */ = {isa = PBXBuildFile; fileRef = 0ACBADC224ED4F1000D93708 /* DateConverterHelper.swift */; };
		0ACCFE64248B3DE500A9F9CB /* UserDefaultsHelper.swift in Sources */ = {isa = PBXBuildFile; fileRef = 0ACCFE63248B3DE500A9F9CB /* UserDefaultsHelper.swift */; };
		0AD2929424A78FDA00320BC4 /* CameraEngine.swift in Sources */ = {isa = PBXBuildFile; fileRef = 0AD2929324A78FDA00320BC4 /* CameraEngine.swift */; };
		0AD36BEC24E907F400AA78F0 /* PRIDE.png in Resources */ = {isa = PBXBuildFile; fileRef = 0AD36BEB24E907F400AA78F0 /* PRIDE.png */; };
		0ADFE3ED249A0F4F004419D1 /* DemoImagesURLs.swift in Sources */ = {isa = PBXBuildFile; fileRef = 0ADFE3EC249A0F4F004419D1 /* DemoImagesURLs.swift */; };
		0AE49F182493C41C0057A729 /* DustImageFilter.swift in Sources */ = {isa = PBXBuildFile; fileRef = 0AE49F172493C41C0057A729 /* DustImageFilter.swift */; };
		0AE49F1A2493C7B50057A729 /* FilterType.swift in Sources */ = {isa = PBXBuildFile; fileRef = 0AE49F192493C7B50057A729 /* FilterType.swift */; };
		0AEA623024878522004B9313 /* DTPhotoViewerController in Frameworks */ = {isa = PBXBuildFile; productRef = 0AEA622F24878522004B9313 /* DTPhotoViewerController */; };
		0AEA623224878596004B9313 /* PhotoDisplayViewController.swift in Sources */ = {isa = PBXBuildFile; fileRef = 0AEA623124878596004B9313 /* PhotoDisplayViewController.swift */; };
		0AEBF1FD2495BCCA007CFAC6 /* OnboardingViewController.swift in Sources */ = {isa = PBXBuildFile; fileRef = 0AEBF1FC2495BCCA007CFAC6 /* OnboardingViewController.swift */; };
		0AEE9330247C983800F485C0 /* ShareHelper.swift in Sources */ = {isa = PBXBuildFile; fileRef = 0AEE932F247C983800F485C0 /* ShareHelper.swift */; };
		0AF4A03924B56DE300A8831B /* FiltersGestureEngine.swift in Sources */ = {isa = PBXBuildFile; fileRef = 0AF4A03824B56DE300A8831B /* FiltersGestureEngine.swift */; };
		0AF4B47124EFB5C8004663CF /* DetailedButton.swift in Sources */ = {isa = PBXBuildFile; fileRef = 0AF4B47024EFB5C8004663CF /* DetailedButton.swift */; };
		0AF619F424E0F62E00BE288A /* AppIconsTableViewController.swift in Sources */ = {isa = PBXBuildFile; fileRef = 0AF619F324E0F62E00BE288A /* AppIconsTableViewController.swift */; };
		0AF619FD24E0F73C00BE288A /* Bloodlust.png in Resources */ = {isa = PBXBuildFile; fileRef = 0AF619F624E0F73B00BE288A /* Bloodlust.png */; };
		0AF619FE24E0F73C00BE288A /* lanigirO xatnoK.png in Resources */ = {isa = PBXBuildFile; fileRef = 0AF619F724E0F73B00BE288A /* lanigirO xatnoK.png */; };
		0AF619FF24E0F73C00BE288A /* A fine day.png in Resources */ = {isa = PBXBuildFile; fileRef = 0AF619F824E0F73B00BE288A /* A fine day.png */; };
		0AF61A0024E0F73C00BE288A /* Summer vibes.png in Resources */ = {isa = PBXBuildFile; fileRef = 0AF619F924E0F73B00BE288A /* Summer vibes.png */; };
		0AF61A0124E0F73C00BE288A /* Sunshine.png in Resources */ = {isa = PBXBuildFile; fileRef = 0AF619FA24E0F73B00BE288A /* Sunshine.png */; };
		0AF61A0224E0F73C00BE288A /* Kontax Original.png in Resources */ = {isa = PBXBuildFile; fileRef = 0AF619FB24E0F73B00BE288A /* Kontax Original.png */; };
		0AF61A0324E0F73C00BE288A /* Eternal sleep.png in Resources */ = {isa = PBXBuildFile; fileRef = 0AF619FC24E0F73C00BE288A /* Eternal sleep.png */; };
		0AFA90D424E8C45500BBDF57 /* SettingsViewModel.swift in Sources */ = {isa = PBXBuildFile; fileRef = 0AFA90D324E8C45500BBDF57 /* SettingsViewModel.swift */; };
		0AFA90D624E8C59B00BBDF57 /* SettingsModel.swift in Sources */ = {isa = PBXBuildFile; fileRef = 0AFA90D524E8C59B00BBDF57 /* SettingsModel.swift */; };
/* End PBXBuildFile section */

/* Begin PBXContainerItemProxy section */
		0AC2F2AD24ED040B007A5E33 /* PBXContainerItemProxy */ = {
			isa = PBXContainerItemProxy;
			containerPortal = 0A44B28F2476A7F000603F2C /* Project object */;
			proxyType = 1;
			remoteGlobalIDString = 0AC2F2A024ED0409007A5E33;
			remoteInfo = KontaxCamWidgetExtension;
		};
/* End PBXContainerItemProxy section */

/* Begin PBXCopyFilesBuildPhase section */
		0AC2F29A24ED0100007A5E33 /* Embed App Extensions */ = {
			isa = PBXCopyFilesBuildPhase;
			buildActionMask = 2147483647;
			dstPath = "";
			dstSubfolderSpec = 13;
			files = (
				0AC2F2AF24ED040B007A5E33 /* KontaxCamWidgetExtension.appex in Embed App Extensions */,
			);
			name = "Embed App Extensions";
			runOnlyForDeploymentPostprocessing = 0;
		};
		0AC407E9247E383E00BB0270 /* CopyFiles */ = {
			isa = PBXCopyFilesBuildPhase;
			buildActionMask = 2147483647;
			dstPath = "";
			dstSubfolderSpec = 10;
			files = (
				0A537D3E247E423A006E17C0 /* GPUImage.framework in CopyFiles */,
			);
			runOnlyForDeploymentPostprocessing = 0;
		};
/* End PBXCopyFilesBuildPhase section */

/* Begin PBXFileReference section */
		0A0260762497179F009C26FB /* PreviewViewController.swift */ = {isa = PBXFileReference; lastKnownFileType = sourcecode.swift; path = PreviewViewController.swift; sourceTree = "<group>"; };
		0A0260812497334C009C26FB /* DatestampImageFilter.swift */ = {isa = PBXFileReference; lastKnownFileType = sourcecode.swift; path = DatestampImageFilter.swift; sourceTree = "<group>"; };
		0A03EAFE2480ABC4001D8006 /* FXCollectionViewController.swift */ = {isa = PBXFileReference; lastKnownFileType = sourcecode.swift; path = FXCollectionViewController.swift; sourceTree = "<group>"; };
		0A03EB002480ABD1001D8006 /* FXCollectionViewCell.swift */ = {isa = PBXFileReference; lastKnownFileType = sourcecode.swift; path = FXCollectionViewCell.swift; sourceTree = "<group>"; };
		0A0F94D1247E55AC00E33AEC /* ModalHeaderPresentable.swift */ = {isa = PBXFileReference; lastKnownFileType = sourcecode.swift; path = ModalHeaderPresentable.swift; sourceTree = "<group>"; };
		0A1193BC249B56E30086604D /* Effect.swift */ = {isa = PBXFileReference; lastKnownFileType = sourcecode.swift; path = Effect.swift; sourceTree = "<group>"; };
		0A1193BE249B5AE60086604D /* ColourLeaksImageFilter.swift */ = {isa = PBXFileReference; lastKnownFileType = sourcecode.swift; path = ColourLeaksImageFilter.swift; sourceTree = "<group>"; };
		0A1193C4249B702E0086604D /* LoadingViewController.swift */ = {isa = PBXFileReference; lastKnownFileType = sourcecode.swift; path = LoadingViewController.swift; sourceTree = "<group>"; };
		0A11FE5F249CB6FE00016E74 /* GrainCustomisationViewController.swift */ = {isa = PBXFileReference; lastKnownFileType = sourcecode.swift; path = GrainCustomisationViewController.swift; sourceTree = "<group>"; };
		0A13EB2724EAC0C0008C4FD0 /* FilterInfoViewController.swift */ = {isa = PBXFileReference; fileEncoding = 4; lastKnownFileType = sourcecode.swift; path = FilterInfoViewController.swift; sourceTree = "<group>"; };
		0A1D97BD2477B94F00E4078F /* UIApplication.swift */ = {isa = PBXFileReference; lastKnownFileType = sourcecode.swift; path = UIApplication.swift; sourceTree = "<group>"; };
		0A1D97C32477BFAE00E4078F /* SVHelper.swift */ = {isa = PBXFileReference; lastKnownFileType = sourcecode.swift; path = SVHelper.swift; sourceTree = "<group>"; };
		0A1D97C72477C17A00E4078F /* CameraActionViewController.swift */ = {isa = PBXFileReference; lastKnownFileType = sourcecode.swift; path = CameraActionViewController.swift; sourceTree = "<group>"; };
		0A1D97CA2477CBB100E4078F /* ShutterButtonViewController.swift */ = {isa = PBXFileReference; lastKnownFileType = sourcecode.swift; path = ShutterButtonViewController.swift; sourceTree = "<group>"; };
		0A1D97CC2477DDB900E4078F /* IconHelper.swift */ = {isa = PBXFileReference; lastKnownFileType = sourcecode.swift; path = IconHelper.swift; sourceTree = "<group>"; };
		0A1D97D12477F21C00E4078F /* TapticHelper.swift */ = {isa = PBXFileReference; lastKnownFileType = sourcecode.swift; path = TapticHelper.swift; sourceTree = "<group>"; };
		0A1D97D32477F38900E4078F /* TimerEngine.swift */ = {isa = PBXFileReference; lastKnownFileType = sourcecode.swift; path = TimerEngine.swift; sourceTree = "<group>"; };
		0A1D97D82478083900E4078F /* PhotoLibraryEngine.swift */ = {isa = PBXFileReference; lastKnownFileType = sourcecode.swift; path = PhotoLibraryEngine.swift; sourceTree = "<group>"; };
		0A267BC724E78F8F0025FB60 /* UIViewController.swift */ = {isa = PBXFileReference; lastKnownFileType = sourcecode.swift; path = UIViewController.swift; sourceTree = "<group>"; };
		0A267BC924E78F980025FB60 /* UIStackView.swift */ = {isa = PBXFileReference; lastKnownFileType = sourcecode.swift; path = UIStackView.swift; sourceTree = "<group>"; };
		0A267BCB24E78F9F0025FB60 /* UIFont.swift */ = {isa = PBXFileReference; lastKnownFileType = sourcecode.swift; path = UIFont.swift; sourceTree = "<group>"; };
		0A267BCD24E78FA60025FB60 /* UIButton.swift */ = {isa = PBXFileReference; lastKnownFileType = sourcecode.swift; path = UIButton.swift; sourceTree = "<group>"; };
		0A267BCF24E78FB50025FB60 /* UIImage.swift */ = {isa = PBXFileReference; lastKnownFileType = sourcecode.swift; path = UIImage.swift; sourceTree = "<group>"; };
		0A267BD124E78FBB0025FB60 /* String.swift */ = {isa = PBXFileReference; lastKnownFileType = sourcecode.swift; path = String.swift; sourceTree = "<group>"; };
		0A267BD324E78FC20025FB60 /* UIView.swift */ = {isa = PBXFileReference; lastKnownFileType = sourcecode.swift; path = UIView.swift; sourceTree = "<group>"; };
		0A30641324A9BA5A005C9033 /* FilterRenderer.swift */ = {isa = PBXFileReference; fileEncoding = 4; lastKnownFileType = sourcecode.swift; path = FilterRenderer.swift; sourceTree = "<group>"; };
		0A31490A24A8A49B00168225 /* PreviewMetalView.swift */ = {isa = PBXFileReference; lastKnownFileType = sourcecode.swift; path = PreviewMetalView.swift; sourceTree = "<group>"; };
		0A334628249A4F6B00FE8BCE /* FiltersDatasource.swift */ = {isa = PBXFileReference; lastKnownFileType = sourcecode.swift; path = FiltersDatasource.swift; sourceTree = "<group>"; };
		0A3D5579247F569E00BC0477 /* FiltersCollectionViewController.swift */ = {isa = PBXFileReference; lastKnownFileType = sourcecode.swift; path = FiltersCollectionViewController.swift; sourceTree = "<group>"; };
		0A3D557B247F5A4100BC0477 /* FiltersCollectionViewCell.swift */ = {isa = PBXFileReference; lastKnownFileType = sourcecode.swift; path = FiltersCollectionViewCell.swift; sourceTree = "<group>"; };
		0A3D557F247F70FC00BC0477 /* PanModalNavigationController.swift */ = {isa = PBXFileReference; lastKnownFileType = sourcecode.swift; path = PanModalNavigationController.swift; sourceTree = "<group>"; };
		0A3DFB9C2493ACC600765304 /* SettingsTableViewController.swift */ = {isa = PBXFileReference; lastKnownFileType = sourcecode.swift; path = SettingsTableViewController.swift; sourceTree = "<group>"; };
		0A3F50A724ED1BBA00192DAE /* Kontax Cam.entitlements */ = {isa = PBXFileReference; lastKnownFileType = text.plist.entitlements; path = "Kontax Cam.entitlements"; sourceTree = "<group>"; };
		0A3F50A824ED1BDF00192DAE /* KontaxCamWidgetExtension.entitlements */ = {isa = PBXFileReference; lastKnownFileType = text.plist.entitlements; path = KontaxCamWidgetExtension.entitlements; sourceTree = "<group>"; };
		0A43067F24ADB20E00CA2E0F /* PassThrough.metal */ = {isa = PBXFileReference; fileEncoding = 4; lastKnownFileType = sourcecode.metal; path = PassThrough.metal; sourceTree = "<group>"; };
		0A44B2972476A7F000603F2C /* Kontax Cam.app */ = {isa = PBXFileReference; explicitFileType = wrapper.application; includeInIndex = 0; path = "Kontax Cam.app"; sourceTree = BUILT_PRODUCTS_DIR; };
		0A44B29A2476A7F000603F2C /* AppDelegate.swift */ = {isa = PBXFileReference; lastKnownFileType = sourcecode.swift; path = AppDelegate.swift; sourceTree = "<group>"; };
		0A44B29C2476A7F000603F2C /* SceneDelegate.swift */ = {isa = PBXFileReference; lastKnownFileType = sourcecode.swift; path = SceneDelegate.swift; sourceTree = "<group>"; };
		0A44B29E2476A7F000603F2C /* CameraViewController.swift */ = {isa = PBXFileReference; lastKnownFileType = sourcecode.swift; path = CameraViewController.swift; sourceTree = "<group>"; };
		0A44B2A12476A7F000603F2C /* Base */ = {isa = PBXFileReference; lastKnownFileType = file.storyboard; name = Base; path = Base.lproj/Main.storyboard; sourceTree = "<group>"; };
		0A44B2A32476A7F100603F2C /* Assets.xcassets */ = {isa = PBXFileReference; lastKnownFileType = folder.assetcatalog; path = Assets.xcassets; sourceTree = "<group>"; };
		0A44B2A62476A7F100603F2C /* Base */ = {isa = PBXFileReference; lastKnownFileType = file.storyboard; name = Base; path = Base.lproj/LaunchScreen.storyboard; sourceTree = "<group>"; };
		0A44B2A82476A7F100603F2C /* Info.plist */ = {isa = PBXFileReference; lastKnownFileType = text.plist.xml; path = Info.plist; sourceTree = "<group>"; };
		0A4D58FC24A2108600C51189 /* LightleaksCustomisationViewController.swift */ = {isa = PBXFileReference; lastKnownFileType = sourcecode.swift; path = LightleaksCustomisationViewController.swift; sourceTree = "<group>"; };
		0A537D3C247E422A006E17C0 /* GPUImage.framework */ = {isa = PBXFileReference; explicitFileType = wrapper.framework; path = GPUImage.framework; sourceTree = BUILT_PRODUCTS_DIR; };
		0A5C087E24E0044E002E2D66 /* SettingsFooterView.swift */ = {isa = PBXFileReference; fileEncoding = 4; lastKnownFileType = sourcecode.swift; path = SettingsFooterView.swift; sourceTree = "<group>"; };
		0A65AECC249CDEA7001B9124 /* RangeConverterHelper.swift */ = {isa = PBXFileReference; lastKnownFileType = sourcecode.swift; path = RangeConverterHelper.swift; sourceTree = "<group>"; };
		0A66DEEA24E00AB500B197C6 /* FXInfoViewController.swift */ = {isa = PBXFileReference; lastKnownFileType = sourcecode.swift; path = FXInfoViewController.swift; sourceTree = "<group>"; };
		0A6B878C249E00C0001745B1 /* ColourleaksCustomisationViewController.swift */ = {isa = PBXFileReference; lastKnownFileType = sourcecode.swift; path = ColourleaksCustomisationViewController.swift; sourceTree = "<group>"; };
		0A71C88B24EB705A00C5449D /* FilterCollection.swift */ = {isa = PBXFileReference; lastKnownFileType = sourcecode.swift; path = FilterCollection.swift; sourceTree = "<group>"; };
		0A71C88D24EB749600C5449D /* FilterInfoCollectionViewCell.swift */ = {isa = PBXFileReference; lastKnownFileType = sourcecode.swift; path = FilterInfoCollectionViewCell.swift; sourceTree = "<group>"; };
		0A73C4CB2499E92E00E46E9A /* Date Stamp Alt.otf */ = {isa = PBXFileReference; lastKnownFileType = file; path = "Date Stamp Alt.otf"; sourceTree = "<group>"; };
		0A82B83324AC406600673F1A /* LUTRender.swift */ = {isa = PBXFileReference; lastKnownFileType = sourcecode.swift; path = LUTRender.swift; sourceTree = "<group>"; };
		0A9C07622494E67B003A0D16 /* LightLeaksImageFilter.swift */ = {isa = PBXFileReference; lastKnownFileType = sourcecode.swift; path = LightLeaksImageFilter.swift; sourceTree = "<group>"; };
		0A9F7F14248200800088E053 /* EmptyView.swift */ = {isa = PBXFileReference; lastKnownFileType = sourcecode.swift; path = EmptyView.swift; sourceTree = "<group>"; };
		0AA3118F249E536C00659BD1 /* DustCustomisationViewController.swift */ = {isa = PBXFileReference; lastKnownFileType = sourcecode.swift; path = DustCustomisationViewController.swift; sourceTree = "<group>"; };
		0AA34A17249E5E2300C45361 /* CustomisationControlHeaderView.swift */ = {isa = PBXFileReference; lastKnownFileType = sourcecode.swift; path = CustomisationControlHeaderView.swift; sourceTree = "<group>"; };
		0AA8F0F1249D017D00B07519 /* FilterValue.swift */ = {isa = PBXFileReference; lastKnownFileType = sourcecode.swift; path = FilterValue.swift; sourceTree = "<group>"; };
		0AADEE6E247B6541009FFA52 /* AlertHelper.swift */ = {isa = PBXFileReference; lastKnownFileType = sourcecode.swift; path = AlertHelper.swift; sourceTree = "<group>"; };
		0AADEE70247B6987009FFA52 /* DataEngine.swift */ = {isa = PBXFileReference; lastKnownFileType = sourcecode.swift; path = DataEngine.swift; sourceTree = "<group>"; };
		0AADEE73247B732E009FFA52 /* LabCollectionViewController.swift */ = {isa = PBXFileReference; lastKnownFileType = sourcecode.swift; path = LabCollectionViewController.swift; sourceTree = "<group>"; };
		0AADEE79247BB48E009FFA52 /* LabCollectionViewCell.swift */ = {isa = PBXFileReference; lastKnownFileType = sourcecode.swift; path = LabCollectionViewCell.swift; sourceTree = "<group>"; };
		0AB2015624EF648300296B0F /* FilterInfoImagesCollectionViewController.swift */ = {isa = PBXFileReference; lastKnownFileType = sourcecode.swift; path = FilterInfoImagesCollectionViewController.swift; sourceTree = "<group>"; };
		0AB96FFB248A99FF00F1FF3C /* CloseButton.swift */ = {isa = PBXFileReference; lastKnownFileType = sourcecode.swift; path = CloseButton.swift; sourceTree = "<group>"; };
		0ABD6D3C2497803500C3CC4B /* Photo.swift */ = {isa = PBXFileReference; lastKnownFileType = sourcecode.swift; path = Photo.swift; sourceTree = "<group>"; };
		0AC2F28724ED00FE007A5E33 /* WidgetKit.framework */ = {isa = PBXFileReference; lastKnownFileType = wrapper.framework; name = WidgetKit.framework; path = System/Library/Frameworks/WidgetKit.framework; sourceTree = SDKROOT; };
		0AC2F28924ED00FE007A5E33 /* SwiftUI.framework */ = {isa = PBXFileReference; lastKnownFileType = wrapper.framework; name = SwiftUI.framework; path = System/Library/Frameworks/SwiftUI.framework; sourceTree = SDKROOT; };
		0AC2F2A124ED0409007A5E33 /* KontaxCamWidgetExtension.appex */ = {isa = PBXFileReference; explicitFileType = "wrapper.app-extension"; includeInIndex = 0; path = KontaxCamWidgetExtension.appex; sourceTree = BUILT_PRODUCTS_DIR; };
		0AC2F2A524ED0409007A5E33 /* KontaxCamWidget.swift */ = {isa = PBXFileReference; lastKnownFileType = sourcecode.swift; path = KontaxCamWidget.swift; sourceTree = "<group>"; };
		0AC2F2A824ED040B007A5E33 /* Assets.xcassets */ = {isa = PBXFileReference; lastKnownFileType = folder.assetcatalog; path = Assets.xcassets; sourceTree = "<group>"; };
		0AC2F2AA24ED040B007A5E33 /* Info.plist */ = {isa = PBXFileReference; lastKnownFileType = text.plist.xml; path = Info.plist; sourceTree = "<group>"; };
		0AC407C6247DDE2100BB0270 /* FilterEngine.swift */ = {isa = PBXFileReference; lastKnownFileType = sourcecode.swift; path = FilterEngine.swift; sourceTree = "<group>"; };
		0AC407C9247DE04F00BB0270 /* FilterFactory.swift */ = {isa = PBXFileReference; lastKnownFileType = sourcecode.swift; path = FilterFactory.swift; sourceTree = "<group>"; };
		0AC407CB247DE0C300BB0270 /* LUTImageFilter.swift */ = {isa = PBXFileReference; lastKnownFileType = sourcecode.swift; path = LUTImageFilter.swift; sourceTree = "<group>"; };
		0AC407CD247DE90C00BB0270 /* GrainImageFilter.swift */ = {isa = PBXFileReference; lastKnownFileType = sourcecode.swift; path = GrainImageFilter.swift; sourceTree = "<group>"; };
		0AC54C9E248AAB7C00D64D05 /* AppearanceTableViewController.swift */ = {isa = PBXFileReference; lastKnownFileType = sourcecode.swift; path = AppearanceTableViewController.swift; sourceTree = "<group>"; };
		0AC735ED24B70E6D002BBE72 /* FilterLabelView.swift */ = {isa = PBXFileReference; lastKnownFileType = sourcecode.swift; path = FilterLabelView.swift; sourceTree = "<group>"; };
		0ACBADB624ED4D5900D93708 /* PhotoEntry.swift */ = {isa = PBXFileReference; lastKnownFileType = sourcecode.swift; path = PhotoEntry.swift; sourceTree = "<group>"; };
		0ACBADBA24ED4DF700D93708 /* MasterpieceWidgetProvider.swift */ = {isa = PBXFileReference; lastKnownFileType = sourcecode.swift; path = MasterpieceWidgetProvider.swift; sourceTree = "<group>"; };
		0ACBADBD24ED4E3000D93708 /* WidgetEntryView.swift */ = {isa = PBXFileReference; lastKnownFileType = sourcecode.swift; path = WidgetEntryView.swift; sourceTree = "<group>"; };
		0ACBADBF24ED4EDA00D93708 /* masterpieceView.swift */ = {isa = PBXFileReference; lastKnownFileType = sourcecode.swift; path = masterpieceView.swift; sourceTree = "<group>"; };
		0ACBADC224ED4F1000D93708 /* DateConverterHelper.swift */ = {isa = PBXFileReference; lastKnownFileType = sourcecode.swift; path = DateConverterHelper.swift; sourceTree = "<group>"; };
		0ACCFE63248B3DE500A9F9CB /* UserDefaultsHelper.swift */ = {isa = PBXFileReference; lastKnownFileType = sourcecode.swift; path = UserDefaultsHelper.swift; sourceTree = "<group>"; };
		0AD2929324A78FDA00320BC4 /* CameraEngine.swift */ = {isa = PBXFileReference; lastKnownFileType = sourcecode.swift; path = CameraEngine.swift; sourceTree = "<group>"; };
		0AD36BEB24E907F400AA78F0 /* PRIDE.png */ = {isa = PBXFileReference; lastKnownFileType = image.png; path = PRIDE.png; sourceTree = "<group>"; };
		0ADFE3EC249A0F4F004419D1 /* DemoImagesURLs.swift */ = {isa = PBXFileReference; fileEncoding = 4; lastKnownFileType = sourcecode.swift; path = DemoImagesURLs.swift; sourceTree = "<group>"; };
		0AE49F172493C41C0057A729 /* DustImageFilter.swift */ = {isa = PBXFileReference; lastKnownFileType = sourcecode.swift; path = DustImageFilter.swift; sourceTree = "<group>"; };
		0AE49F192493C7B50057A729 /* FilterType.swift */ = {isa = PBXFileReference; lastKnownFileType = sourcecode.swift; path = FilterType.swift; sourceTree = "<group>"; };
		0AEA623124878596004B9313 /* PhotoDisplayViewController.swift */ = {isa = PBXFileReference; lastKnownFileType = sourcecode.swift; path = PhotoDisplayViewController.swift; sourceTree = "<group>"; };
		0AEBF1FC2495BCCA007CFAC6 /* OnboardingViewController.swift */ = {isa = PBXFileReference; lastKnownFileType = sourcecode.swift; path = OnboardingViewController.swift; sourceTree = "<group>"; };
		0AEE932F247C983800F485C0 /* ShareHelper.swift */ = {isa = PBXFileReference; lastKnownFileType = sourcecode.swift; path = ShareHelper.swift; sourceTree = "<group>"; };
		0AF4A03824B56DE300A8831B /* FiltersGestureEngine.swift */ = {isa = PBXFileReference; lastKnownFileType = sourcecode.swift; path = FiltersGestureEngine.swift; sourceTree = "<group>"; };
		0AF4B47024EFB5C8004663CF /* DetailedButton.swift */ = {isa = PBXFileReference; fileEncoding = 4; lastKnownFileType = sourcecode.swift; path = DetailedButton.swift; sourceTree = "<group>"; };
		0AF619F324E0F62E00BE288A /* AppIconsTableViewController.swift */ = {isa = PBXFileReference; lastKnownFileType = sourcecode.swift; path = AppIconsTableViewController.swift; sourceTree = "<group>"; };
		0AF619F624E0F73B00BE288A /* Bloodlust.png */ = {isa = PBXFileReference; lastKnownFileType = image.png; path = Bloodlust.png; sourceTree = "<group>"; };
		0AF619F724E0F73B00BE288A /* lanigirO xatnoK.png */ = {isa = PBXFileReference; lastKnownFileType = image.png; path = "lanigirO xatnoK.png"; sourceTree = "<group>"; };
		0AF619F824E0F73B00BE288A /* A fine day.png */ = {isa = PBXFileReference; lastKnownFileType = image.png; path = "A fine day.png"; sourceTree = "<group>"; };
		0AF619F924E0F73B00BE288A /* Summer vibes.png */ = {isa = PBXFileReference; lastKnownFileType = image.png; path = "Summer vibes.png"; sourceTree = "<group>"; };
		0AF619FA24E0F73B00BE288A /* Sunshine.png */ = {isa = PBXFileReference; lastKnownFileType = image.png; path = Sunshine.png; sourceTree = "<group>"; };
		0AF619FB24E0F73B00BE288A /* Kontax Original.png */ = {isa = PBXFileReference; lastKnownFileType = image.png; path = "Kontax Original.png"; sourceTree = "<group>"; };
		0AF619FC24E0F73C00BE288A /* Eternal sleep.png */ = {isa = PBXFileReference; lastKnownFileType = image.png; path = "Eternal sleep.png"; sourceTree = "<group>"; };
		0AFA90D324E8C45500BBDF57 /* SettingsViewModel.swift */ = {isa = PBXFileReference; lastKnownFileType = sourcecode.swift; path = SettingsViewModel.swift; sourceTree = "<group>"; };
		0AFA90D524E8C59B00BBDF57 /* SettingsModel.swift */ = {isa = PBXFileReference; lastKnownFileType = sourcecode.swift; path = SettingsModel.swift; sourceTree = "<group>"; };
/* End PBXFileReference section */

/* Begin PBXFrameworksBuildPhase section */
		0A44B2942476A7F000603F2C /* Frameworks */ = {
			isa = PBXFrameworksBuildPhase;
			buildActionMask = 2147483647;
			files = (
				0A537D3D247E422A006E17C0 /* GPUImage.framework in Frameworks */,
				0AEA623024878522004B9313 /* DTPhotoViewerController in Frameworks */,
				0A73C4D22499EEF900E46E9A /* Nuke in Frameworks */,
				0A0F94CE247E501300E33AEC /* PanModal in Frameworks */,
				0A1D97C12477BACE00E4078F /* SnapKit in Frameworks */,
			);
			runOnlyForDeploymentPostprocessing = 0;
		};
		0AC2F29E24ED0409007A5E33 /* Frameworks */ = {
			isa = PBXFrameworksBuildPhase;
			buildActionMask = 2147483647;
			files = (
				0AC2F2A324ED0409007A5E33 /* SwiftUI.framework in Frameworks */,
				0AC2F2A224ED0409007A5E33 /* WidgetKit.framework in Frameworks */,
			);
			runOnlyForDeploymentPostprocessing = 0;
		};
/* End PBXFrameworksBuildPhase section */

/* Begin PBXGroup section */
		0A026078249728C9009C26FB /* Font */ = {
			isa = PBXGroup;
			children = (
				0A73C4CB2499E92E00E46E9A /* Date Stamp Alt.otf */,
			);
			path = Font;
			sourceTree = "<group>";
		};
		0A03EAFD2480AB84001D8006 /* FX */ = {
			isa = PBXGroup;
			children = (
				0A11FE5E249CB6CB00016E74 /* EffectCustomisationView */,
				0A03EB002480ABD1001D8006 /* FXCollectionViewCell.swift */,
				0A03EAFE2480ABC4001D8006 /* FXCollectionViewController.swift */,
				0A66DEEA24E00AB500B197C6 /* FXInfoViewController.swift */,
			);
			path = FX;
			sourceTree = "<group>";
		};
		0A11FE5E249CB6CB00016E74 /* EffectCustomisationView */ = {
			isa = PBXGroup;
			children = (
				0A11FE5F249CB6FE00016E74 /* GrainCustomisationViewController.swift */,
				0A6B878C249E00C0001745B1 /* ColourleaksCustomisationViewController.swift */,
				0AA3118F249E536C00659BD1 /* DustCustomisationViewController.swift */,
				0A4D58FC24A2108600C51189 /* LightleaksCustomisationViewController.swift */,
			);
			path = EffectCustomisationView;
			sourceTree = "<group>";
		};
		0A1D97C22477BE7800E4078F /* Camera */ = {
			isa = PBXGroup;
			children = (
				0A44B29E2476A7F000603F2C /* CameraViewController.swift */,
				0A31490A24A8A49B00168225 /* PreviewMetalView.swift */,
				0AC735ED24B70E6D002BBE72 /* FilterLabelView.swift */,
				0A1D97C92477CB9C00E4078F /* CameraActionView */,
			);
			path = Camera;
			sourceTree = "<group>";
		};
		0A1D97C92477CB9C00E4078F /* CameraActionView */ = {
			isa = PBXGroup;
			children = (
				0A1D97C72477C17A00E4078F /* CameraActionViewController.swift */,
				0A1D97CA2477CBB100E4078F /* ShutterButtonViewController.swift */,
			);
			path = CameraActionView;
			sourceTree = "<group>";
		};
		0A267BC624E78F740025FB60 /* Extensions */ = {
			isa = PBXGroup;
			children = (
				0A1D97BD2477B94F00E4078F /* UIApplication.swift */,
				0A267BC724E78F8F0025FB60 /* UIViewController.swift */,
				0A267BC924E78F980025FB60 /* UIStackView.swift */,
				0A267BCB24E78F9F0025FB60 /* UIFont.swift */,
				0A267BCD24E78FA60025FB60 /* UIButton.swift */,
				0A267BCF24E78FB50025FB60 /* UIImage.swift */,
				0A267BD124E78FBB0025FB60 /* String.swift */,
				0A267BD324E78FC20025FB60 /* UIView.swift */,
			);
			path = Extensions;
			sourceTree = "<group>";
		};
		0A31490C24A8CCC000168225 /* Shaders */ = {
			isa = PBXGroup;
			children = (
				0A43067F24ADB20E00CA2E0F /* PassThrough.metal */,
			);
			path = Shaders;
			sourceTree = "<group>";
		};
		0A44B28E2476A7F000603F2C = {
			isa = PBXGroup;
			children = (
				0A3F50A824ED1BDF00192DAE /* KontaxCamWidgetExtension.entitlements */,
				0A44B2992476A7F000603F2C /* Kontax Cam */,
				0AC2F2A424ED0409007A5E33 /* KontaxCamWidget */,
				0A44B2982476A7F000603F2C /* Products */,
				816177D18B28A96025786676 /* Pods */,
				0AC407E5247E381000BB0270 /* Frameworks */,
			);
			sourceTree = "<group>";
		};
		0A44B2982476A7F000603F2C /* Products */ = {
			isa = PBXGroup;
			children = (
				0A44B2972476A7F000603F2C /* Kontax Cam.app */,
				0AC2F2A124ED0409007A5E33 /* KontaxCamWidgetExtension.appex */,
			);
			name = Products;
			sourceTree = "<group>";
		};
		0A44B2992476A7F000603F2C /* Kontax Cam */ = {
			isa = PBXGroup;
			children = (
				0A3F50A724ED1BBA00192DAE /* Kontax Cam.entitlements */,
				0AF619F524E0F6EA00BE288A /* App icons */,
				0ABD6D3A2497802400C3CC4B /* Model */,
				0A44B2B02476A80D00603F2C /* Utils */,
				0A44B2AF2476A80700603F2C /* Engine */,
				0A44B2AE2476A80300603F2C /* App */,
				0A44B29A2476A7F000603F2C /* AppDelegate.swift */,
				0A44B29C2476A7F000603F2C /* SceneDelegate.swift */,
				0A44B2A02476A7F000603F2C /* Main.storyboard */,
				0A44B2A32476A7F100603F2C /* Assets.xcassets */,
				0A44B2A52476A7F100603F2C /* LaunchScreen.storyboard */,
				0A44B2A82476A7F100603F2C /* Info.plist */,
			);
			path = "Kontax Cam";
			sourceTree = "<group>";
		};
		0A44B2AE2476A80300603F2C /* App */ = {
			isa = PBXGroup;
			children = (
				0A4D6E53247A472100E039FC /* Filter collections */,
				0A03EAFD2480AB84001D8006 /* FX */,
				0AADEE72247B731C009FFA52 /* Lab */,
				0AEBF1FB2495BCB7007CFAC6 /* Onboarding */,
				0A5290A9247AB43900BA0D57 /* Settings */,
				0A4D6E5E247A5AD500E039FC /* PhotoDisplay */,
				0A1D97C22477BE7800E4078F /* Camera */,
			);
			path = App;
			sourceTree = "<group>";
		};
		0A44B2AF2476A80700603F2C /* Engine */ = {
			isa = PBXGroup;
			children = (
				0AD2929224A78FCE00320BC4 /* CameraEngine */,
				0AC407C8247DE03700BB0270 /* FilterFactory */,
				0AC407C6247DDE2100BB0270 /* FilterEngine.swift */,
				0A1D97D32477F38900E4078F /* TimerEngine.swift */,
				0A1D97D82478083900E4078F /* PhotoLibraryEngine.swift */,
				0AADEE70247B6987009FFA52 /* DataEngine.swift */,
			);
			path = Engine;
			sourceTree = "<group>";
		};
		0A44B2B02476A80D00603F2C /* Utils */ = {
			isa = PBXGroup;
			children = (
				0A267BC624E78F740025FB60 /* Extensions */,
				0A026078249728C9009C26FB /* Font */,
				0AB96FFA248A99E400F1FF3C /* Components */,
				0A1D97C32477BFAE00E4078F /* SVHelper.swift */,
				0A1D97CC2477DDB900E4078F /* IconHelper.swift */,
				0A1D97D12477F21C00E4078F /* TapticHelper.swift */,
				0AADEE6E247B6541009FFA52 /* AlertHelper.swift */,
				0AEE932F247C983800F485C0 /* ShareHelper.swift */,
				0ACCFE63248B3DE500A9F9CB /* UserDefaultsHelper.swift */,
				0A65AECC249CDEA7001B9124 /* RangeConverterHelper.swift */,
			);
			path = Utils;
			sourceTree = "<group>";
		};
		0A4D6E53247A472100E039FC /* Filter collections */ = {
			isa = PBXGroup;
			children = (
				0A838BA624EA639300F2EB8F /* Filter Info */,
				0A3D5579247F569E00BC0477 /* FiltersCollectionViewController.swift */,
				0A3D557B247F5A4100BC0477 /* FiltersCollectionViewCell.swift */,
				0A334628249A4F6B00FE8BCE /* FiltersDatasource.swift */,
			);
			path = "Filter collections";
			sourceTree = "<group>";
		};
		0A4D6E5E247A5AD500E039FC /* PhotoDisplay */ = {
			isa = PBXGroup;
			children = (
				0AEA623124878596004B9313 /* PhotoDisplayViewController.swift */,
			);
			path = PhotoDisplay;
			sourceTree = "<group>";
		};
		0A5290A9247AB43900BA0D57 /* Settings */ = {
			isa = PBXGroup;
			children = (
				0AC54C9D248AAB5900D64D05 /* Sub-settings View */,
				0A5C087E24E0044E002E2D66 /* SettingsFooterView.swift */,
				0A3DFB9C2493ACC600765304 /* SettingsTableViewController.swift */,
				0AFA90D324E8C45500BBDF57 /* SettingsViewModel.swift */,
			);
			path = Settings;
			sourceTree = "<group>";
		};
		0A82B82B24AC3BBF00673F1A /* FilterRenderer */ = {
			isa = PBXGroup;
			children = (
				0A30641324A9BA5A005C9033 /* FilterRenderer.swift */,
				0A82B83324AC406600673F1A /* LUTRender.swift */,
			);
			path = FilterRenderer;
			sourceTree = "<group>";
		};
		0A838BA624EA639300F2EB8F /* Filter Info */ = {
			isa = PBXGroup;
			children = (
				0A13EB2724EAC0C0008C4FD0 /* FilterInfoViewController.swift */,
				0A71C88D24EB749600C5449D /* FilterInfoCollectionViewCell.swift */,
				0AB2015624EF648300296B0F /* FilterInfoImagesCollectionViewController.swift */,
			);
			path = "Filter Info";
			sourceTree = "<group>";
		};
		0AADEE72247B731C009FFA52 /* Lab */ = {
			isa = PBXGroup;
			children = (
				0AADEE73247B732E009FFA52 /* LabCollectionViewController.swift */,
				0AADEE79247BB48E009FFA52 /* LabCollectionViewCell.swift */,
				0A9F7F14248200800088E053 /* EmptyView.swift */,
				0A0260762497179F009C26FB /* PreviewViewController.swift */,
				0ADFE3EC249A0F4F004419D1 /* DemoImagesURLs.swift */,
			);
			path = Lab;
			sourceTree = "<group>";
		};
		0AB96FFA248A99E400F1FF3C /* Components */ = {
			isa = PBXGroup;
			children = (
				0AF4B47024EFB5C8004663CF /* DetailedButton.swift */,
				0A3D557F247F70FC00BC0477 /* PanModalNavigationController.swift */,
				0A0F94D1247E55AC00E33AEC /* ModalHeaderPresentable.swift */,
				0AB96FFB248A99FF00F1FF3C /* CloseButton.swift */,
				0A1193C4249B702E0086604D /* LoadingViewController.swift */,
				0AA34A17249E5E2300C45361 /* CustomisationControlHeaderView.swift */,
			);
			path = Components;
			sourceTree = "<group>";
		};
		0ABD6D3A2497802400C3CC4B /* Model */ = {
			isa = PBXGroup;
			children = (
				0AFA90D524E8C59B00BBDF57 /* SettingsModel.swift */,
				0ABD6D3C2497803500C3CC4B /* Photo.swift */,
				0A1193BC249B56E30086604D /* Effect.swift */,
				0A71C88B24EB705A00C5449D /* FilterCollection.swift */,
			);
			path = Model;
			sourceTree = "<group>";
		};
		0AC2F2A424ED0409007A5E33 /* KontaxCamWidget */ = {
			isa = PBXGroup;
			children = (
				0ACBADC124ED4EFC00D93708 /* Util */,
				0ACBADBC24ED4E2200D93708 /* View */,
				0ACBADB924ED4DD800D93708 /* Provider */,
				0ACBADB524ED4D4400D93708 /* WidgetModel */,
				0AC2F2A524ED0409007A5E33 /* KontaxCamWidget.swift */,
				0AC2F2A824ED040B007A5E33 /* Assets.xcassets */,
				0AC2F2AA24ED040B007A5E33 /* Info.plist */,
			);
			path = KontaxCamWidget;
			sourceTree = "<group>";
		};
		0AC407C8247DE03700BB0270 /* FilterFactory */ = {
			isa = PBXGroup;
			children = (
				0AE49F192493C7B50057A729 /* FilterType.swift */,
				0AC407C9247DE04F00BB0270 /* FilterFactory.swift */,
				0AC407CB247DE0C300BB0270 /* LUTImageFilter.swift */,
				0AC407CD247DE90C00BB0270 /* GrainImageFilter.swift */,
				0AE49F172493C41C0057A729 /* DustImageFilter.swift */,
				0A9C07622494E67B003A0D16 /* LightLeaksImageFilter.swift */,
				0A0260812497334C009C26FB /* DatestampImageFilter.swift */,
				0A1193BE249B5AE60086604D /* ColourLeaksImageFilter.swift */,
				0AA8F0F1249D017D00B07519 /* FilterValue.swift */,
			);
			path = FilterFactory;
			sourceTree = "<group>";
		};
		0AC407E5247E381000BB0270 /* Frameworks */ = {
			isa = PBXGroup;
			children = (
				0A537D3C247E422A006E17C0 /* GPUImage.framework */,
				0AC2F28724ED00FE007A5E33 /* WidgetKit.framework */,
				0AC2F28924ED00FE007A5E33 /* SwiftUI.framework */,
			);
			name = Frameworks;
			sourceTree = "<group>";
		};
		0AC54C9D248AAB5900D64D05 /* Sub-settings View */ = {
			isa = PBXGroup;
			children = (
				0AC54C9E248AAB7C00D64D05 /* AppearanceTableViewController.swift */,
				0AF619F324E0F62E00BE288A /* AppIconsTableViewController.swift */,
			);
			path = "Sub-settings View";
			sourceTree = "<group>";
		};
		0ACBADB524ED4D4400D93708 /* WidgetModel */ = {
			isa = PBXGroup;
			children = (
				0ACBADB624ED4D5900D93708 /* PhotoEntry.swift */,
			);
			path = WidgetModel;
			sourceTree = "<group>";
		};
		0ACBADB924ED4DD800D93708 /* Provider */ = {
			isa = PBXGroup;
			children = (
				0ACBADBA24ED4DF700D93708 /* MasterpieceWidgetProvider.swift */,
			);
			path = Provider;
			sourceTree = "<group>";
		};
		0ACBADBC24ED4E2200D93708 /* View */ = {
			isa = PBXGroup;
			children = (
				0ACBADBD24ED4E3000D93708 /* WidgetEntryView.swift */,
				0ACBADBF24ED4EDA00D93708 /* masterpieceView.swift */,
			);
			path = View;
			sourceTree = "<group>";
		};
		0ACBADC124ED4EFC00D93708 /* Util */ = {
			isa = PBXGroup;
			children = (
				0ACBADC224ED4F1000D93708 /* DateConverterHelper.swift */,
			);
			path = Util;
			sourceTree = "<group>";
		};
		0AD2929224A78FCE00320BC4 /* CameraEngine */ = {
			isa = PBXGroup;
			children = (
				0AD2929324A78FDA00320BC4 /* CameraEngine.swift */,
				0AF4A03824B56DE300A8831B /* FiltersGestureEngine.swift */,
				0A82B82B24AC3BBF00673F1A /* FilterRenderer */,
				0A31490C24A8CCC000168225 /* Shaders */,
			);
			path = CameraEngine;
			sourceTree = "<group>";
		};
		0AEBF1FB2495BCB7007CFAC6 /* Onboarding */ = {
			isa = PBXGroup;
			children = (
				0AEBF1FC2495BCCA007CFAC6 /* OnboardingViewController.swift */,
			);
			path = Onboarding;
			sourceTree = "<group>";
		};
		0AF619F524E0F6EA00BE288A /* App icons */ = {
			isa = PBXGroup;
			children = (
				0AF619F824E0F73B00BE288A /* A fine day.png */,
				0AF619F624E0F73B00BE288A /* Bloodlust.png */,
				0AF619FC24E0F73C00BE288A /* Eternal sleep.png */,
				0AF619FB24E0F73B00BE288A /* Kontax Original.png */,
				0AF619F724E0F73B00BE288A /* lanigirO xatnoK.png */,
				0AF619F924E0F73B00BE288A /* Summer vibes.png */,
				0AF619FA24E0F73B00BE288A /* Sunshine.png */,
				0AD36BEB24E907F400AA78F0 /* PRIDE.png */,
			);
			path = "App icons";
			sourceTree = "<group>";
		};
		816177D18B28A96025786676 /* Pods */ = {
			isa = PBXGroup;
			children = (
			);
			path = Pods;
			sourceTree = "<group>";
		};
/* End PBXGroup section */

/* Begin PBXNativeTarget section */
		0A44B2962476A7F000603F2C /* Kontax Cam */ = {
			isa = PBXNativeTarget;
			buildConfigurationList = 0A44B2AB2476A7F100603F2C /* Build configuration list for PBXNativeTarget "Kontax Cam" */;
			buildPhases = (
				0A44B2932476A7F000603F2C /* Sources */,
				0A44B2942476A7F000603F2C /* Frameworks */,
				0A44B2952476A7F000603F2C /* Resources */,
				0AC407E9247E383E00BB0270 /* CopyFiles */,
				0A66C34024AB9EF300E30B7C /* ShellScript */,
				0AC2F29A24ED0100007A5E33 /* Embed App Extensions */,
			);
			buildRules = (
			);
			dependencies = (
				0AC2F2AE24ED040B007A5E33 /* PBXTargetDependency */,
			);
			name = "Kontax Cam";
			packageProductDependencies = (
				0A1D97C02477BACE00E4078F /* SnapKit */,
				0A0F94CD247E501300E33AEC /* PanModal */,
				0AEA622F24878522004B9313 /* DTPhotoViewerController */,
				0A73C4D12499EEF900E46E9A /* Nuke */,
			);
			productName = "Kontax Cam";
			productReference = 0A44B2972476A7F000603F2C /* Kontax Cam.app */;
			productType = "com.apple.product-type.application";
		};
		0AC2F2A024ED0409007A5E33 /* KontaxCamWidgetExtension */ = {
			isa = PBXNativeTarget;
			buildConfigurationList = 0AC2F2B024ED040B007A5E33 /* Build configuration list for PBXNativeTarget "KontaxCamWidgetExtension" */;
			buildPhases = (
				0AC2F29D24ED0409007A5E33 /* Sources */,
				0AC2F29E24ED0409007A5E33 /* Frameworks */,
				0AC2F29F24ED0409007A5E33 /* Resources */,
			);
			buildRules = (
			);
			dependencies = (
			);
			name = KontaxCamWidgetExtension;
			packageProductDependencies = (
			);
			productName = KontaxCamWidgetExtension;
			productReference = 0AC2F2A124ED0409007A5E33 /* KontaxCamWidgetExtension.appex */;
			productType = "com.apple.product-type.app-extension";
		};
/* End PBXNativeTarget section */

/* Begin PBXProject section */
		0A44B28F2476A7F000603F2C /* Project object */ = {
			isa = PBXProject;
			attributes = {
				LastSwiftUpdateCheck = 1200;
				LastUpgradeCheck = 1200;
				ORGANIZATIONNAME = "Kevin Laminto";
				TargetAttributes = {
					0A44B2962476A7F000603F2C = {
						CreatedOnToolsVersion = 11.4.1;
					};
					0AC2F2A024ED0409007A5E33 = {
						CreatedOnToolsVersion = 12.0;
					};
				};
			};
			buildConfigurationList = 0A44B2922476A7F000603F2C /* Build configuration list for PBXProject "Kontax Cam" */;
			compatibilityVersion = "Xcode 9.3";
			developmentRegion = en;
			hasScannedForEncodings = 0;
			knownRegions = (
				en,
				Base,
			);
			mainGroup = 0A44B28E2476A7F000603F2C;
			packageReferences = (
				0A1D97BF2477BACE00E4078F /* XCRemoteSwiftPackageReference "SnapKit" */,
				0A0F94CC247E501300E33AEC /* XCRemoteSwiftPackageReference "PanModal" */,
				0AEA622E24878522004B9313 /* XCRemoteSwiftPackageReference "DTPhotoViewerController" */,
				0A73C4D02499EEF900E46E9A /* XCRemoteSwiftPackageReference "Nuke" */,
			);
			productRefGroup = 0A44B2982476A7F000603F2C /* Products */;
			projectDirPath = "";
			projectRoot = "";
			targets = (
				0A44B2962476A7F000603F2C /* Kontax Cam */,
				0AC2F2A024ED0409007A5E33 /* KontaxCamWidgetExtension */,
			);
		};
/* End PBXProject section */

/* Begin PBXResourcesBuildPhase section */
		0A44B2952476A7F000603F2C /* Resources */ = {
			isa = PBXResourcesBuildPhase;
			buildActionMask = 2147483647;
			files = (
				0AF61A0224E0F73C00BE288A /* Kontax Original.png in Resources */,
				0A44B2A72476A7F100603F2C /* LaunchScreen.storyboard in Resources */,
				0AF619FD24E0F73C00BE288A /* Bloodlust.png in Resources */,
				0A73C4CC2499E92E00E46E9A /* Date Stamp Alt.otf in Resources */,
				0AD36BEC24E907F400AA78F0 /* PRIDE.png in Resources */,
				0AF61A0324E0F73C00BE288A /* Eternal sleep.png in Resources */,
				0AF61A0124E0F73C00BE288A /* Sunshine.png in Resources */,
				0A44B2A42476A7F100603F2C /* Assets.xcassets in Resources */,
				0AF619FF24E0F73C00BE288A /* A fine day.png in Resources */,
				0AF61A0024E0F73C00BE288A /* Summer vibes.png in Resources */,
				0AF619FE24E0F73C00BE288A /* lanigirO xatnoK.png in Resources */,
				0A44B2A22476A7F000603F2C /* Main.storyboard in Resources */,
			);
			runOnlyForDeploymentPostprocessing = 0;
		};
		0AC2F29F24ED0409007A5E33 /* Resources */ = {
			isa = PBXResourcesBuildPhase;
			buildActionMask = 2147483647;
			files = (
				0A7BC0DA24EE7D0600262C5D /* Assets.xcassets in Resources */,
				0AC2F2A924ED040B007A5E33 /* Assets.xcassets in Resources */,
			);
			runOnlyForDeploymentPostprocessing = 0;
		};
/* End PBXResourcesBuildPhase section */

/* Begin PBXShellScriptBuildPhase section */
		0A66C34024AB9EF300E30B7C /* ShellScript */ = {
			isa = PBXShellScriptBuildPhase;
			buildActionMask = 2147483647;
			files = (
			);
			inputFileListPaths = (
			);
			inputPaths = (
			);
			outputFileListPaths = (
			);
			outputPaths = (
			);
			runOnlyForDeploymentPostprocessing = 0;
			shellPath = /bin/sh;
			shellScript = "
";
		};
/* End PBXShellScriptBuildPhase section */

/* Begin PBXSourcesBuildPhase section */
		0A44B2932476A7F000603F2C /* Sources */ = {
			isa = PBXSourcesBuildPhase;
			buildActionMask = 2147483647;
			files = (
				0A43068124ADB20E00CA2E0F /* PassThrough.metal in Sources */,
				0AE49F1A2493C7B50057A729 /* FilterType.swift in Sources */,
				0A0F94D2247E55AC00E33AEC /* ModalHeaderPresentable.swift in Sources */,
				0AADEE74247B732E009FFA52 /* LabCollectionViewController.swift in Sources */,
				0A1D97CB2477CBB100E4078F /* ShutterButtonViewController.swift in Sources */,
				0AC407CE247DE90C00BB0270 /* GrainImageFilter.swift in Sources */,
				0A44B29F2476A7F000603F2C /* CameraViewController.swift in Sources */,
				0AF4B47124EFB5C8004663CF /* DetailedButton.swift in Sources */,
				0A31490B24A8A49B00168225 /* PreviewMetalView.swift in Sources */,
				0A4D58FD24A2108600C51189 /* LightleaksCustomisationViewController.swift in Sources */,
				0A82B83424AC406600673F1A /* LUTRender.swift in Sources */,
				0A9C07632494E67B003A0D16 /* LightLeaksImageFilter.swift in Sources */,
				0A44B29B2476A7F000603F2C /* AppDelegate.swift in Sources */,
				0A3DFB9D2493ACC600765304 /* SettingsTableViewController.swift in Sources */,
				0A1193C5249B702E0086604D /* LoadingViewController.swift in Sources */,
				0A65AECD249CDEA7001B9124 /* RangeConverterHelper.swift in Sources */,
				0A1D97BE2477B94F00E4078F /* UIApplication.swift in Sources */,
				0A3D557A247F569E00BC0477 /* FiltersCollectionViewController.swift in Sources */,
				0AADEE6F247B6541009FFA52 /* AlertHelper.swift in Sources */,
				0AC407C7247DDE2100BB0270 /* FilterEngine.swift in Sources */,
				0ACCFE64248B3DE500A9F9CB /* UserDefaultsHelper.swift in Sources */,
				0AC407CA247DE04F00BB0270 /* FilterFactory.swift in Sources */,
				0A03EAFF2480ABC4001D8006 /* FXCollectionViewController.swift in Sources */,
				0AA8F0F2249D017D00B07519 /* FilterValue.swift in Sources */,
				0A30641424A9BA5A005C9033 /* FilterRenderer.swift in Sources */,
				0A1D97C42477BFAE00E4078F /* SVHelper.swift in Sources */,
				0AC407CC247DE0C300BB0270 /* LUTImageFilter.swift in Sources */,
				0A71C88C24EB705A00C5449D /* FilterCollection.swift in Sources */,
				0A13EB2824EAC0C0008C4FD0 /* FilterInfoViewController.swift in Sources */,
				0AFA90D624E8C59B00BBDF57 /* SettingsModel.swift in Sources */,
				0AF4A03924B56DE300A8831B /* FiltersGestureEngine.swift in Sources */,
				0AA34A18249E5E2300C45361 /* CustomisationControlHeaderView.swift in Sources */,
				0A267BCC24E78F9F0025FB60 /* UIFont.swift in Sources */,
				0A66DEEB24E00AB500B197C6 /* FXInfoViewController.swift in Sources */,
				0ABD6D3D2497803500C3CC4B /* Photo.swift in Sources */,
				0A3D5580247F70FC00BC0477 /* PanModalNavigationController.swift in Sources */,
				0A1D97D22477F21C00E4078F /* TapticHelper.swift in Sources */,
				0A1D97C82477C17A00E4078F /* CameraActionViewController.swift in Sources */,
				0AA31190249E536C00659BD1 /* DustCustomisationViewController.swift in Sources */,
				0A71C88E24EB749600C5449D /* FilterInfoCollectionViewCell.swift in Sources */,
				0AB2015724EF648300296B0F /* FilterInfoImagesCollectionViewController.swift in Sources */,
				0AADEE71247B6987009FFA52 /* DataEngine.swift in Sources */,
				0A6B878D249E00C0001745B1 /* ColourleaksCustomisationViewController.swift in Sources */,
				0A9F7F15248200800088E053 /* EmptyView.swift in Sources */,
				0A267BCA24E78F980025FB60 /* UIStackView.swift in Sources */,
				0AF619F424E0F62E00BE288A /* AppIconsTableViewController.swift in Sources */,
				0A267BCE24E78FA60025FB60 /* UIButton.swift in Sources */,
				0A0260822497334D009C26FB /* DatestampImageFilter.swift in Sources */,
				0A1D97CD2477DDB900E4078F /* IconHelper.swift in Sources */,
				0AEA623224878596004B9313 /* PhotoDisplayViewController.swift in Sources */,
				0AADEE7A247BB48E009FFA52 /* LabCollectionViewCell.swift in Sources */,
				0A267BD024E78FB50025FB60 /* UIImage.swift in Sources */,
				0A3D557C247F5A4100BC0477 /* FiltersCollectionViewCell.swift in Sources */,
				0AFA90D424E8C45500BBDF57 /* SettingsViewModel.swift in Sources */,
				0A03EB012480ABD1001D8006 /* FXCollectionViewCell.swift in Sources */,
				0A1193BD249B56E30086604D /* Effect.swift in Sources */,
				0ADFE3ED249A0F4F004419D1 /* DemoImagesURLs.swift in Sources */,
				0A0260772497179F009C26FB /* PreviewViewController.swift in Sources */,
				0A44B29D2476A7F000603F2C /* SceneDelegate.swift in Sources */,
				0A11FE60249CB6FE00016E74 /* GrainCustomisationViewController.swift in Sources */,
				0A267BD224E78FBB0025FB60 /* String.swift in Sources */,
				0AD2929424A78FDA00320BC4 /* CameraEngine.swift in Sources */,
				0A1D97D92478083900E4078F /* PhotoLibraryEngine.swift in Sources */,
				0A5C087F24E0044E002E2D66 /* SettingsFooterView.swift in Sources */,
				0AEBF1FD2495BCCA007CFAC6 /* OnboardingViewController.swift in Sources */,
				0AC735EE24B70E6D002BBE72 /* FilterLabelView.swift in Sources */,
				0A334629249A4F6B00FE8BCE /* FiltersDatasource.swift in Sources */,
				0A1193BF249B5AE60086604D /* ColourLeaksImageFilter.swift in Sources */,
				0AEE9330247C983800F485C0 /* ShareHelper.swift in Sources */,
				0AC54C9F248AAB7C00D64D05 /* AppearanceTableViewController.swift in Sources */,
				0A267BC824E78F8F0025FB60 /* UIViewController.swift in Sources */,
				0A267BD424E78FC20025FB60 /* UIView.swift in Sources */,
				0AB96FFC248A99FF00F1FF3C /* CloseButton.swift in Sources */,
				0A1D97D42477F38900E4078F /* TimerEngine.swift in Sources */,
				0AE49F182493C41C0057A729 /* DustImageFilter.swift in Sources */,
			);
			runOnlyForDeploymentPostprocessing = 0;
		};
		0AC2F29D24ED0409007A5E33 /* Sources */ = {
			isa = PBXSourcesBuildPhase;
			buildActionMask = 2147483647;
			files = (
				0A3F50A624ED19D800192DAE /* DataEngine.swift in Sources */,
				0ACBADBE24ED4E3000D93708 /* WidgetEntryView.swift in Sources */,
				0A3861D824ED04780066B003 /* Photo.swift in Sources */,
				0ACBADC324ED4F1000D93708 /* DateConverterHelper.swift in Sources */,
				0ACBADC024ED4EDA00D93708 /* masterpieceView.swift in Sources */,
				0ACBADB824ED4DAF00D93708 /* PhotoEntry.swift in Sources */,
				0AC2F2A624ED0409007A5E33 /* KontaxCamWidget.swift in Sources */,
				0ACBADBB24ED4DF700D93708 /* MasterpieceWidgetProvider.swift in Sources */,
			);
			runOnlyForDeploymentPostprocessing = 0;
		};
/* End PBXSourcesBuildPhase section */

/* Begin PBXTargetDependency section */
		0AC2F2AE24ED040B007A5E33 /* PBXTargetDependency */ = {
			isa = PBXTargetDependency;
			target = 0AC2F2A024ED0409007A5E33 /* KontaxCamWidgetExtension */;
			targetProxy = 0AC2F2AD24ED040B007A5E33 /* PBXContainerItemProxy */;
		};
/* End PBXTargetDependency section */

/* Begin PBXVariantGroup section */
		0A44B2A02476A7F000603F2C /* Main.storyboard */ = {
			isa = PBXVariantGroup;
			children = (
				0A44B2A12476A7F000603F2C /* Base */,
			);
			name = Main.storyboard;
			sourceTree = "<group>";
		};
		0A44B2A52476A7F100603F2C /* LaunchScreen.storyboard */ = {
			isa = PBXVariantGroup;
			children = (
				0A44B2A62476A7F100603F2C /* Base */,
			);
			name = LaunchScreen.storyboard;
			sourceTree = "<group>";
		};
/* End PBXVariantGroup section */

/* Begin XCBuildConfiguration section */
		0A44B2A92476A7F100603F2C /* Debug */ = {
			isa = XCBuildConfiguration;
			buildSettings = {
				ALWAYS_SEARCH_USER_PATHS = NO;
				CLANG_ANALYZER_NONNULL = YES;
				CLANG_ANALYZER_NUMBER_OBJECT_CONVERSION = YES_AGGRESSIVE;
				CLANG_CXX_LANGUAGE_STANDARD = "gnu++14";
				CLANG_CXX_LIBRARY = "libc++";
				CLANG_ENABLE_MODULES = YES;
				CLANG_ENABLE_OBJC_ARC = YES;
				CLANG_ENABLE_OBJC_WEAK = YES;
				CLANG_WARN_BLOCK_CAPTURE_AUTORELEASING = YES;
				CLANG_WARN_BOOL_CONVERSION = YES;
				CLANG_WARN_COMMA = YES;
				CLANG_WARN_CONSTANT_CONVERSION = YES;
				CLANG_WARN_DEPRECATED_OBJC_IMPLEMENTATIONS = YES;
				CLANG_WARN_DIRECT_OBJC_ISA_USAGE = YES_ERROR;
				CLANG_WARN_DOCUMENTATION_COMMENTS = YES;
				CLANG_WARN_EMPTY_BODY = YES;
				CLANG_WARN_ENUM_CONVERSION = YES;
				CLANG_WARN_INFINITE_RECURSION = YES;
				CLANG_WARN_INT_CONVERSION = YES;
				CLANG_WARN_NON_LITERAL_NULL_CONVERSION = YES;
				CLANG_WARN_OBJC_IMPLICIT_RETAIN_SELF = YES;
				CLANG_WARN_OBJC_LITERAL_CONVERSION = YES;
				CLANG_WARN_OBJC_ROOT_CLASS = YES_ERROR;
				CLANG_WARN_QUOTED_INCLUDE_IN_FRAMEWORK_HEADER = YES;
				CLANG_WARN_RANGE_LOOP_ANALYSIS = YES;
				CLANG_WARN_STRICT_PROTOTYPES = YES;
				CLANG_WARN_SUSPICIOUS_MOVE = YES;
				CLANG_WARN_UNGUARDED_AVAILABILITY = YES_AGGRESSIVE;
				CLANG_WARN_UNREACHABLE_CODE = YES;
				CLANG_WARN__DUPLICATE_METHOD_MATCH = YES;
				COPY_PHASE_STRIP = NO;
				DEBUG_INFORMATION_FORMAT = dwarf;
				ENABLE_STRICT_OBJC_MSGSEND = YES;
				ENABLE_TESTABILITY = YES;
				GCC_C_LANGUAGE_STANDARD = gnu11;
				GCC_DYNAMIC_NO_PIC = NO;
				GCC_NO_COMMON_BLOCKS = YES;
				GCC_OPTIMIZATION_LEVEL = 0;
				GCC_PREPROCESSOR_DEFINITIONS = (
					"DEBUG=1",
					"$(inherited)",
				);
				GCC_WARN_64_TO_32_BIT_CONVERSION = YES;
				GCC_WARN_ABOUT_RETURN_TYPE = YES_ERROR;
				GCC_WARN_UNDECLARED_SELECTOR = YES;
				GCC_WARN_UNINITIALIZED_AUTOS = YES_AGGRESSIVE;
				GCC_WARN_UNUSED_FUNCTION = YES;
				GCC_WARN_UNUSED_VARIABLE = YES;
				IPHONEOS_DEPLOYMENT_TARGET = 13.0;
				MTL_ENABLE_DEBUG_INFO = INCLUDE_SOURCE;
				MTL_FAST_MATH = YES;
				ONLY_ACTIVE_ARCH = YES;
				SDKROOT = iphoneos;
				SWIFT_ACTIVE_COMPILATION_CONDITIONS = DEBUG;
				SWIFT_OPTIMIZATION_LEVEL = "-Onone";
			};
			name = Debug;
		};
		0A44B2AA2476A7F100603F2C /* Release */ = {
			isa = XCBuildConfiguration;
			buildSettings = {
				ALWAYS_SEARCH_USER_PATHS = NO;
				CLANG_ANALYZER_NONNULL = YES;
				CLANG_ANALYZER_NUMBER_OBJECT_CONVERSION = YES_AGGRESSIVE;
				CLANG_CXX_LANGUAGE_STANDARD = "gnu++14";
				CLANG_CXX_LIBRARY = "libc++";
				CLANG_ENABLE_MODULES = YES;
				CLANG_ENABLE_OBJC_ARC = YES;
				CLANG_ENABLE_OBJC_WEAK = YES;
				CLANG_WARN_BLOCK_CAPTURE_AUTORELEASING = YES;
				CLANG_WARN_BOOL_CONVERSION = YES;
				CLANG_WARN_COMMA = YES;
				CLANG_WARN_CONSTANT_CONVERSION = YES;
				CLANG_WARN_DEPRECATED_OBJC_IMPLEMENTATIONS = YES;
				CLANG_WARN_DIRECT_OBJC_ISA_USAGE = YES_ERROR;
				CLANG_WARN_DOCUMENTATION_COMMENTS = YES;
				CLANG_WARN_EMPTY_BODY = YES;
				CLANG_WARN_ENUM_CONVERSION = YES;
				CLANG_WARN_INFINITE_RECURSION = YES;
				CLANG_WARN_INT_CONVERSION = YES;
				CLANG_WARN_NON_LITERAL_NULL_CONVERSION = YES;
				CLANG_WARN_OBJC_IMPLICIT_RETAIN_SELF = YES;
				CLANG_WARN_OBJC_LITERAL_CONVERSION = YES;
				CLANG_WARN_OBJC_ROOT_CLASS = YES_ERROR;
				CLANG_WARN_QUOTED_INCLUDE_IN_FRAMEWORK_HEADER = YES;
				CLANG_WARN_RANGE_LOOP_ANALYSIS = YES;
				CLANG_WARN_STRICT_PROTOTYPES = YES;
				CLANG_WARN_SUSPICIOUS_MOVE = YES;
				CLANG_WARN_UNGUARDED_AVAILABILITY = YES_AGGRESSIVE;
				CLANG_WARN_UNREACHABLE_CODE = YES;
				CLANG_WARN__DUPLICATE_METHOD_MATCH = YES;
				COPY_PHASE_STRIP = NO;
				DEBUG_INFORMATION_FORMAT = "dwarf-with-dsym";
				ENABLE_NS_ASSERTIONS = NO;
				ENABLE_STRICT_OBJC_MSGSEND = YES;
				GCC_C_LANGUAGE_STANDARD = gnu11;
				GCC_NO_COMMON_BLOCKS = YES;
				GCC_WARN_64_TO_32_BIT_CONVERSION = YES;
				GCC_WARN_ABOUT_RETURN_TYPE = YES_ERROR;
				GCC_WARN_UNDECLARED_SELECTOR = YES;
				GCC_WARN_UNINITIALIZED_AUTOS = YES_AGGRESSIVE;
				GCC_WARN_UNUSED_FUNCTION = YES;
				GCC_WARN_UNUSED_VARIABLE = YES;
				IPHONEOS_DEPLOYMENT_TARGET = 13.0;
				MTL_ENABLE_DEBUG_INFO = NO;
				MTL_FAST_MATH = YES;
				SDKROOT = iphoneos;
				SWIFT_COMPILATION_MODE = wholemodule;
				SWIFT_OPTIMIZATION_LEVEL = "-O";
				VALIDATE_PRODUCT = YES;
			};
			name = Release;
		};
		0A44B2AC2476A7F100603F2C /* Debug */ = {
			isa = XCBuildConfiguration;
			buildSettings = {
				ALWAYS_EMBED_SWIFT_STANDARD_LIBRARIES = YES;
				ASSETCATALOG_COMPILER_APPICON_NAME = AppIcon;
				CODE_SIGN_ENTITLEMENTS = "Kontax Cam/Kontax Cam.entitlements";
				CODE_SIGN_STYLE = Automatic;
				CURRENT_PROJECT_VERSION = 3;
				DEVELOPMENT_TEAM = D87H8GPTK2;
				INFOPLIST_FILE = "Kontax Cam/Info.plist";
				IPHONEOS_DEPLOYMENT_TARGET = 13.0;
				LD_RUNPATH_SEARCH_PATHS = (
					"$(inherited)",
					"@executable_path/Frameworks",
				);
				PRODUCT_BUNDLE_IDENTIFIER = com.kevinlaminto.kontaxcam;
				PRODUCT_NAME = "$(TARGET_NAME)";
				SWIFT_VERSION = 5.0;
				TARGETED_DEVICE_FAMILY = 1;
			};
			name = Debug;
		};
		0A44B2AD2476A7F100603F2C /* Release */ = {
			isa = XCBuildConfiguration;
			buildSettings = {
				ALWAYS_EMBED_SWIFT_STANDARD_LIBRARIES = YES;
				ASSETCATALOG_COMPILER_APPICON_NAME = AppIcon;
				CODE_SIGN_ENTITLEMENTS = "Kontax Cam/Kontax Cam.entitlements";
				CODE_SIGN_STYLE = Automatic;
				CURRENT_PROJECT_VERSION = 3;
				DEVELOPMENT_TEAM = D87H8GPTK2;
				INFOPLIST_FILE = "Kontax Cam/Info.plist";
				IPHONEOS_DEPLOYMENT_TARGET = 13.0;
				LD_RUNPATH_SEARCH_PATHS = (
					"$(inherited)",
					"@executable_path/Frameworks",
				);
				PRODUCT_BUNDLE_IDENTIFIER = com.kevinlaminto.kontaxcam;
				PRODUCT_NAME = "$(TARGET_NAME)";
				SWIFT_VERSION = 5.0;
				TARGETED_DEVICE_FAMILY = 1;
			};
			name = Release;
		};
		0AC2F2B124ED040B007A5E33 /* Debug */ = {
			isa = XCBuildConfiguration;
			buildSettings = {
				ASSETCATALOG_COMPILER_GLOBAL_ACCENT_COLOR_NAME = AccentColor;
				ASSETCATALOG_COMPILER_WIDGET_BACKGROUND_COLOR_NAME = WidgetBackground;
				CODE_SIGN_ENTITLEMENTS = KontaxCamWidgetExtension.entitlements;
				CODE_SIGN_STYLE = Automatic;
				CURRENT_PROJECT_VERSION = 3;
				DEVELOPMENT_TEAM = D87H8GPTK2;
				INFOPLIST_FILE = KontaxCamWidget/Info.plist;
				IPHONEOS_DEPLOYMENT_TARGET = 14.0;
				LD_RUNPATH_SEARCH_PATHS = (
					"$(inherited)",
					"@executable_path/Frameworks",
					"@executable_path/../../Frameworks",
				);
				PRODUCT_BUNDLE_IDENTIFIER = com.kevinlaminto.kontaxcam.KontaxCamWidget;
				PRODUCT_NAME = "$(TARGET_NAME)";
				SKIP_INSTALL = YES;
				SWIFT_VERSION = 5.0;
				TARGETED_DEVICE_FAMILY = 1;
			};
			name = Debug;
		};
		0AC2F2B224ED040B007A5E33 /* Release */ = {
			isa = XCBuildConfiguration;
			buildSettings = {
				ASSETCATALOG_COMPILER_GLOBAL_ACCENT_COLOR_NAME = AccentColor;
				ASSETCATALOG_COMPILER_WIDGET_BACKGROUND_COLOR_NAME = WidgetBackground;
				CODE_SIGN_ENTITLEMENTS = KontaxCamWidgetExtension.entitlements;
				CODE_SIGN_STYLE = Automatic;
				CURRENT_PROJECT_VERSION = 3;
				DEVELOPMENT_TEAM = D87H8GPTK2;
				INFOPLIST_FILE = KontaxCamWidget/Info.plist;
				IPHONEOS_DEPLOYMENT_TARGET = 14.0;
				LD_RUNPATH_SEARCH_PATHS = (
					"$(inherited)",
					"@executable_path/Frameworks",
					"@executable_path/../../Frameworks",
				);
				PRODUCT_BUNDLE_IDENTIFIER = com.kevinlaminto.kontaxcam.KontaxCamWidget;
				PRODUCT_NAME = "$(TARGET_NAME)";
				SKIP_INSTALL = YES;
				SWIFT_VERSION = 5.0;
				TARGETED_DEVICE_FAMILY = 1;
			};
			name = Release;
		};
/* End XCBuildConfiguration section */

/* Begin XCConfigurationList section */
		0A44B2922476A7F000603F2C /* Build configuration list for PBXProject "Kontax Cam" */ = {
			isa = XCConfigurationList;
			buildConfigurations = (
				0A44B2A92476A7F100603F2C /* Debug */,
				0A44B2AA2476A7F100603F2C /* Release */,
			);
			defaultConfigurationIsVisible = 0;
			defaultConfigurationName = Release;
		};
		0A44B2AB2476A7F100603F2C /* Build configuration list for PBXNativeTarget "Kontax Cam" */ = {
			isa = XCConfigurationList;
			buildConfigurations = (
				0A44B2AC2476A7F100603F2C /* Debug */,
				0A44B2AD2476A7F100603F2C /* Release */,
			);
			defaultConfigurationIsVisible = 0;
			defaultConfigurationName = Release;
		};
		0AC2F2B024ED040B007A5E33 /* Build configuration list for PBXNativeTarget "KontaxCamWidgetExtension" */ = {
			isa = XCConfigurationList;
			buildConfigurations = (
				0AC2F2B124ED040B007A5E33 /* Debug */,
				0AC2F2B224ED040B007A5E33 /* Release */,
			);
			defaultConfigurationIsVisible = 0;
			defaultConfigurationName = Release;
		};
/* End XCConfigurationList section */

/* Begin XCRemoteSwiftPackageReference section */
		0A0F94CC247E501300E33AEC /* XCRemoteSwiftPackageReference "PanModal" */ = {
			isa = XCRemoteSwiftPackageReference;
			repositoryURL = "https://github.com/slackhq/PanModal";
			requirement = {
				kind = upToNextMajorVersion;
				minimumVersion = 1.2.7;
			};
		};
		0A1D97BF2477BACE00E4078F /* XCRemoteSwiftPackageReference "SnapKit" */ = {
			isa = XCRemoteSwiftPackageReference;
			repositoryURL = "https://github.com/SnapKit/SnapKit";
			requirement = {
				kind = upToNextMajorVersion;
				minimumVersion = 5.0.1;
			};
		};
		0A73C4D02499EEF900E46E9A /* XCRemoteSwiftPackageReference "Nuke" */ = {
			isa = XCRemoteSwiftPackageReference;
			repositoryURL = "https://github.com/kean/Nuke";
			requirement = {
				kind = upToNextMajorVersion;
				minimumVersion = 9.1.0;
			};
		};
		0AEA622E24878522004B9313 /* XCRemoteSwiftPackageReference "DTPhotoViewerController" */ = {
			isa = XCRemoteSwiftPackageReference;
			repositoryURL = "https://github.com/tungvoduc/DTPhotoViewerController";
			requirement = {
				kind = upToNextMajorVersion;
				minimumVersion = 3.1.1;
			};
		};
/* End XCRemoteSwiftPackageReference section */

/* Begin XCSwiftPackageProductDependency section */
		0A0F94CD247E501300E33AEC /* PanModal */ = {
			isa = XCSwiftPackageProductDependency;
			package = 0A0F94CC247E501300E33AEC /* XCRemoteSwiftPackageReference "PanModal" */;
			productName = PanModal;
		};
		0A1D97C02477BACE00E4078F /* SnapKit */ = {
			isa = XCSwiftPackageProductDependency;
			package = 0A1D97BF2477BACE00E4078F /* XCRemoteSwiftPackageReference "SnapKit" */;
			productName = SnapKit;
		};
		0A73C4D12499EEF900E46E9A /* Nuke */ = {
			isa = XCSwiftPackageProductDependency;
			package = 0A73C4D02499EEF900E46E9A /* XCRemoteSwiftPackageReference "Nuke" */;
			productName = Nuke;
		};
		0AEA622F24878522004B9313 /* DTPhotoViewerController */ = {
			isa = XCSwiftPackageProductDependency;
			package = 0AEA622E24878522004B9313 /* XCRemoteSwiftPackageReference "DTPhotoViewerController" */;
			productName = DTPhotoViewerController;
		};
/* End XCSwiftPackageProductDependency section */
	};
	rootObject = 0A44B28F2476A7F000603F2C /* Project object */;
}
