// !$*UTF8*$!
{
	archiveVersion = 1;
	classes = {
	};
	objectVersion = 52;
	objects = {

/* Begin PBXBuildFile section */
		0A0260772497179F009C26FB /* PreviewViewController.swift in Sources */ = {isa = PBXBuildFile; fileRef = 0A0260762497179F009C26FB /* PreviewViewController.swift */; };
		0A02607C24972978009C26FB /* DatestampLabel.swift in Sources */ = {isa = PBXBuildFile; fileRef = 0A02607B24972978009C26FB /* DatestampLabel.swift */; };
		0A02607E24972D13009C26FB /* Date Stamp Bold.otf in Resources */ = {isa = PBXBuildFile; fileRef = 0A02607D24972D13009C26FB /* Date Stamp Bold.otf */; };
		0A0260822497334D009C26FB /* DatestampImageFilter.swift in Sources */ = {isa = PBXBuildFile; fileRef = 0A0260812497334C009C26FB /* DatestampImageFilter.swift */; };
		0A03EAFF2480ABC4001D8006 /* FXCollectionViewController.swift in Sources */ = {isa = PBXBuildFile; fileRef = 0A03EAFE2480ABC4001D8006 /* FXCollectionViewController.swift */; };
		0A03EB012480ABD1001D8006 /* FXCollectionViewCell.swift in Sources */ = {isa = PBXBuildFile; fileRef = 0A03EB002480ABD1001D8006 /* FXCollectionViewCell.swift */; };
		0A0F94CE247E501300E33AEC /* PanModal in Frameworks */ = {isa = PBXBuildFile; productRef = 0A0F94CD247E501300E33AEC /* PanModal */; };
		0A0F94D2247E55AC00E33AEC /* ModalHeaderPresentable.swift in Sources */ = {isa = PBXBuildFile; fileRef = 0A0F94D1247E55AC00E33AEC /* ModalHeaderPresentable.swift */; };
		0A1D97BC2477B80D00E4078F /* CameraManager in Frameworks */ = {isa = PBXBuildFile; productRef = 0A1D97BB2477B80D00E4078F /* CameraManager */; };
		0A1D97BE2477B94F00E4078F /* VC+.swift in Sources */ = {isa = PBXBuildFile; fileRef = 0A1D97BD2477B94F00E4078F /* VC+.swift */; };
		0A1D97C12477BACE00E4078F /* SnapKit in Frameworks */ = {isa = PBXBuildFile; productRef = 0A1D97C02477BACE00E4078F /* SnapKit */; };
		0A1D97C42477BFAE00E4078F /* SVHelper.swift in Sources */ = {isa = PBXBuildFile; fileRef = 0A1D97C32477BFAE00E4078F /* SVHelper.swift */; };
		0A1D97C82477C17A00E4078F /* CameraActionViewController.swift in Sources */ = {isa = PBXBuildFile; fileRef = 0A1D97C72477C17A00E4078F /* CameraActionViewController.swift */; };
		0A1D97CB2477CBB100E4078F /* ShutterButtonViewController.swift in Sources */ = {isa = PBXBuildFile; fileRef = 0A1D97CA2477CBB100E4078F /* ShutterButtonViewController.swift */; };
		0A1D97CD2477DDB900E4078F /* IconHelper.swift in Sources */ = {isa = PBXBuildFile; fileRef = 0A1D97CC2477DDB900E4078F /* IconHelper.swift */; };
		0A1D97D02477EFB900E4078F /* SPAlert in Frameworks */ = {isa = PBXBuildFile; productRef = 0A1D97CF2477EFB900E4078F /* SPAlert */; };
		0A1D97D22477F21C00E4078F /* TapticHelper.swift in Sources */ = {isa = PBXBuildFile; fileRef = 0A1D97D12477F21C00E4078F /* TapticHelper.swift */; };
		0A1D97D42477F38900E4078F /* TimerEngine.swift in Sources */ = {isa = PBXBuildFile; fileRef = 0A1D97D32477F38900E4078F /* TimerEngine.swift */; };
		0A1D97D92478083900E4078F /* PhotoLibraryEngine.swift in Sources */ = {isa = PBXBuildFile; fileRef = 0A1D97D82478083900E4078F /* PhotoLibraryEngine.swift */; };
		0A3D557A247F569E00BC0477 /* FiltersCollectionViewController.swift in Sources */ = {isa = PBXBuildFile; fileRef = 0A3D5579247F569E00BC0477 /* FiltersCollectionViewController.swift */; };
		0A3D557C247F5A4100BC0477 /* FiltersCollectionViewCell.swift in Sources */ = {isa = PBXBuildFile; fileRef = 0A3D557B247F5A4100BC0477 /* FiltersCollectionViewCell.swift */; };
		0A3D5580247F70FC00BC0477 /* PanModalNavigationController.swift in Sources */ = {isa = PBXBuildFile; fileRef = 0A3D557F247F70FC00BC0477 /* PanModalNavigationController.swift */; };
		0A3DFB9D2493ACC600765304 /* SettingsTableViewController.swift in Sources */ = {isa = PBXBuildFile; fileRef = 0A3DFB9C2493ACC600765304 /* SettingsTableViewController.swift */; };
		0A44B29B2476A7F000603F2C /* AppDelegate.swift in Sources */ = {isa = PBXBuildFile; fileRef = 0A44B29A2476A7F000603F2C /* AppDelegate.swift */; };
		0A44B29D2476A7F000603F2C /* SceneDelegate.swift in Sources */ = {isa = PBXBuildFile; fileRef = 0A44B29C2476A7F000603F2C /* SceneDelegate.swift */; };
		0A44B29F2476A7F000603F2C /* CameraViewController.swift in Sources */ = {isa = PBXBuildFile; fileRef = 0A44B29E2476A7F000603F2C /* CameraViewController.swift */; };
		0A44B2A22476A7F000603F2C /* Main.storyboard in Resources */ = {isa = PBXBuildFile; fileRef = 0A44B2A02476A7F000603F2C /* Main.storyboard */; };
		0A44B2A42476A7F100603F2C /* Assets.xcassets in Resources */ = {isa = PBXBuildFile; fileRef = 0A44B2A32476A7F100603F2C /* Assets.xcassets */; };
		0A44B2A72476A7F100603F2C /* LaunchScreen.storyboard in Resources */ = {isa = PBXBuildFile; fileRef = 0A44B2A52476A7F100603F2C /* LaunchScreen.storyboard */; };
		0A537D3D247E422A006E17C0 /* GPUImage.framework in Frameworks */ = {isa = PBXBuildFile; fileRef = 0A537D3C247E422A006E17C0 /* GPUImage.framework */; };
		0A537D3E247E423A006E17C0 /* GPUImage.framework in CopyFiles */ = {isa = PBXBuildFile; fileRef = 0A537D3C247E422A006E17C0 /* GPUImage.framework */; settings = {ATTRIBUTES = (CodeSignOnCopy, RemoveHeadersOnCopy, ); }; };
		0A86E468247A350B00937CFC /* SPAlertHelper.swift in Sources */ = {isa = PBXBuildFile; fileRef = 0A86E467247A350B00937CFC /* SPAlertHelper.swift */; };
		0A9C07632494E67B003A0D16 /* LeaksImageFilter.swift in Sources */ = {isa = PBXBuildFile; fileRef = 0A9C07622494E67B003A0D16 /* LeaksImageFilter.swift */; };
		0A9F7F15248200800088E053 /* EmptyView.swift in Sources */ = {isa = PBXBuildFile; fileRef = 0A9F7F14248200800088E053 /* EmptyView.swift */; };
		0AADEE6F247B6541009FFA52 /* AlertHelper.swift in Sources */ = {isa = PBXBuildFile; fileRef = 0AADEE6E247B6541009FFA52 /* AlertHelper.swift */; };
		0AADEE71247B6987009FFA52 /* DataEngine.swift in Sources */ = {isa = PBXBuildFile; fileRef = 0AADEE70247B6987009FFA52 /* DataEngine.swift */; };
		0AADEE74247B732E009FFA52 /* LabCollectionViewController.swift in Sources */ = {isa = PBXBuildFile; fileRef = 0AADEE73247B732E009FFA52 /* LabCollectionViewController.swift */; };
		0AADEE7A247BB48E009FFA52 /* LabCollectionViewCell.swift in Sources */ = {isa = PBXBuildFile; fileRef = 0AADEE79247BB48E009FFA52 /* LabCollectionViewCell.swift */; };
		0AB96FFC248A99FF00F1FF3C /* CloseButton.swift in Sources */ = {isa = PBXBuildFile; fileRef = 0AB96FFB248A99FF00F1FF3C /* CloseButton.swift */; };
		0ABD6D3D2497803500C3CC4B /* Photo.swift in Sources */ = {isa = PBXBuildFile; fileRef = 0ABD6D3C2497803500C3CC4B /* Photo.swift */; };
		0ABD6D3F249781C300C3CC4B /* ImageCacheEngine.swift in Sources */ = {isa = PBXBuildFile; fileRef = 0ABD6D3E249781C300C3CC4B /* ImageCacheEngine.swift */; };
		0ABD6D41249781EB00C3CC4B /* ImageURLProtocol.swift in Sources */ = {isa = PBXBuildFile; fileRef = 0ABD6D40249781EB00C3CC4B /* ImageURLProtocol.swift */; };
		0AC407C7247DDE2100BB0270 /* FilterEngine.swift in Sources */ = {isa = PBXBuildFile; fileRef = 0AC407C6247DDE2100BB0270 /* FilterEngine.swift */; };
		0AC407CA247DE04F00BB0270 /* FilterFactory.swift in Sources */ = {isa = PBXBuildFile; fileRef = 0AC407C9247DE04F00BB0270 /* FilterFactory.swift */; };
		0AC407CC247DE0C300BB0270 /* LUTImageFilter.swift in Sources */ = {isa = PBXBuildFile; fileRef = 0AC407CB247DE0C300BB0270 /* LUTImageFilter.swift */; };
		0AC407CE247DE90C00BB0270 /* GrainImageFilter.swift in Sources */ = {isa = PBXBuildFile; fileRef = 0AC407CD247DE90C00BB0270 /* GrainImageFilter.swift */; };
		0AC54C9F248AAB7C00D64D05 /* AppearanceTableViewController.swift in Sources */ = {isa = PBXBuildFile; fileRef = 0AC54C9E248AAB7C00D64D05 /* AppearanceTableViewController.swift */; };
		0ACCFE64248B3DE500A9F9CB /* UserDefaultsHelper.swift in Sources */ = {isa = PBXBuildFile; fileRef = 0ACCFE63248B3DE500A9F9CB /* UserDefaultsHelper.swift */; };
		0AE49F182493C41C0057A729 /* DustImageFilter.swift in Sources */ = {isa = PBXBuildFile; fileRef = 0AE49F172493C41C0057A729 /* DustImageFilter.swift */; };
		0AE49F1A2493C7B50057A729 /* FilterType.swift in Sources */ = {isa = PBXBuildFile; fileRef = 0AE49F192493C7B50057A729 /* FilterType.swift */; };
		0AEA623024878522004B9313 /* DTPhotoViewerController in Frameworks */ = {isa = PBXBuildFile; productRef = 0AEA622F24878522004B9313 /* DTPhotoViewerController */; };
		0AEA623224878596004B9313 /* PhotoDisplayViewController.swift in Sources */ = {isa = PBXBuildFile; fileRef = 0AEA623124878596004B9313 /* PhotoDisplayViewController.swift */; };
		0AEBF1FD2495BCCA007CFAC6 /* OnboardingViewController.swift in Sources */ = {isa = PBXBuildFile; fileRef = 0AEBF1FC2495BCCA007CFAC6 /* OnboardingViewController.swift */; };
		0AEE9330247C983800F485C0 /* ShareHelper.swift in Sources */ = {isa = PBXBuildFile; fileRef = 0AEE932F247C983800F485C0 /* ShareHelper.swift */; };
/* End PBXBuildFile section */

/* Begin PBXCopyFilesBuildPhase section */
		0AC407E9247E383E00BB0270 /* CopyFiles */ = {
			isa = PBXCopyFilesBuildPhase;
			buildActionMask = 2147483647;
			dstPath = "";
			dstSubfolderSpec = 10;
			files = (
				0A537D3E247E423A006E17C0 /* GPUImage.framework in CopyFiles */,
			);
			runOnlyForDeploymentPostprocessing = 0;
		};
/* End PBXCopyFilesBuildPhase section */

/* Begin PBXFileReference section */
		0A0260762497179F009C26FB /* PreviewViewController.swift */ = {isa = PBXFileReference; lastKnownFileType = sourcecode.swift; path = PreviewViewController.swift; sourceTree = "<group>"; };
		0A02607B24972978009C26FB /* DatestampLabel.swift */ = {isa = PBXFileReference; lastKnownFileType = sourcecode.swift; path = DatestampLabel.swift; sourceTree = "<group>"; };
		0A02607D24972D13009C26FB /* Date Stamp Bold.otf */ = {isa = PBXFileReference; lastKnownFileType = file; path = "Date Stamp Bold.otf"; sourceTree = "<group>"; };
		0A0260812497334C009C26FB /* DatestampImageFilter.swift */ = {isa = PBXFileReference; lastKnownFileType = sourcecode.swift; path = DatestampImageFilter.swift; sourceTree = "<group>"; };
		0A03EAFE2480ABC4001D8006 /* FXCollectionViewController.swift */ = {isa = PBXFileReference; lastKnownFileType = sourcecode.swift; path = FXCollectionViewController.swift; sourceTree = "<group>"; };
		0A03EB002480ABD1001D8006 /* FXCollectionViewCell.swift */ = {isa = PBXFileReference; lastKnownFileType = sourcecode.swift; path = FXCollectionViewCell.swift; sourceTree = "<group>"; };
		0A0F94D1247E55AC00E33AEC /* ModalHeaderPresentable.swift */ = {isa = PBXFileReference; lastKnownFileType = sourcecode.swift; path = ModalHeaderPresentable.swift; sourceTree = "<group>"; };
		0A1D97BD2477B94F00E4078F /* VC+.swift */ = {isa = PBXFileReference; lastKnownFileType = sourcecode.swift; path = "VC+.swift"; sourceTree = "<group>"; };
		0A1D97C32477BFAE00E4078F /* SVHelper.swift */ = {isa = PBXFileReference; lastKnownFileType = sourcecode.swift; path = SVHelper.swift; sourceTree = "<group>"; };
		0A1D97C72477C17A00E4078F /* CameraActionViewController.swift */ = {isa = PBXFileReference; lastKnownFileType = sourcecode.swift; path = CameraActionViewController.swift; sourceTree = "<group>"; };
		0A1D97CA2477CBB100E4078F /* ShutterButtonViewController.swift */ = {isa = PBXFileReference; lastKnownFileType = sourcecode.swift; path = ShutterButtonViewController.swift; sourceTree = "<group>"; };
		0A1D97CC2477DDB900E4078F /* IconHelper.swift */ = {isa = PBXFileReference; lastKnownFileType = sourcecode.swift; path = IconHelper.swift; sourceTree = "<group>"; };
		0A1D97D12477F21C00E4078F /* TapticHelper.swift */ = {isa = PBXFileReference; lastKnownFileType = sourcecode.swift; path = TapticHelper.swift; sourceTree = "<group>"; };
		0A1D97D32477F38900E4078F /* TimerEngine.swift */ = {isa = PBXFileReference; lastKnownFileType = sourcecode.swift; path = TimerEngine.swift; sourceTree = "<group>"; };
		0A1D97D82478083900E4078F /* PhotoLibraryEngine.swift */ = {isa = PBXFileReference; lastKnownFileType = sourcecode.swift; path = PhotoLibraryEngine.swift; sourceTree = "<group>"; };
		0A3D5579247F569E00BC0477 /* FiltersCollectionViewController.swift */ = {isa = PBXFileReference; lastKnownFileType = sourcecode.swift; path = FiltersCollectionViewController.swift; sourceTree = "<group>"; };
		0A3D557B247F5A4100BC0477 /* FiltersCollectionViewCell.swift */ = {isa = PBXFileReference; lastKnownFileType = sourcecode.swift; path = FiltersCollectionViewCell.swift; sourceTree = "<group>"; };
		0A3D557F247F70FC00BC0477 /* PanModalNavigationController.swift */ = {isa = PBXFileReference; lastKnownFileType = sourcecode.swift; path = PanModalNavigationController.swift; sourceTree = "<group>"; };
		0A3DFB9C2493ACC600765304 /* SettingsTableViewController.swift */ = {isa = PBXFileReference; lastKnownFileType = sourcecode.swift; path = SettingsTableViewController.swift; sourceTree = "<group>"; };
		0A44B2972476A7F000603F2C /* Kontax Cam.app */ = {isa = PBXFileReference; explicitFileType = wrapper.application; includeInIndex = 0; path = "Kontax Cam.app"; sourceTree = BUILT_PRODUCTS_DIR; };
		0A44B29A2476A7F000603F2C /* AppDelegate.swift */ = {isa = PBXFileReference; lastKnownFileType = sourcecode.swift; path = AppDelegate.swift; sourceTree = "<group>"; };
		0A44B29C2476A7F000603F2C /* SceneDelegate.swift */ = {isa = PBXFileReference; lastKnownFileType = sourcecode.swift; path = SceneDelegate.swift; sourceTree = "<group>"; };
		0A44B29E2476A7F000603F2C /* CameraViewController.swift */ = {isa = PBXFileReference; lastKnownFileType = sourcecode.swift; path = CameraViewController.swift; sourceTree = "<group>"; };
		0A44B2A12476A7F000603F2C /* Base */ = {isa = PBXFileReference; lastKnownFileType = file.storyboard; name = Base; path = Base.lproj/Main.storyboard; sourceTree = "<group>"; };
		0A44B2A32476A7F100603F2C /* Assets.xcassets */ = {isa = PBXFileReference; lastKnownFileType = folder.assetcatalog; path = Assets.xcassets; sourceTree = "<group>"; };
		0A44B2A62476A7F100603F2C /* Base */ = {isa = PBXFileReference; lastKnownFileType = file.storyboard; name = Base; path = Base.lproj/LaunchScreen.storyboard; sourceTree = "<group>"; };
		0A44B2A82476A7F100603F2C /* Info.plist */ = {isa = PBXFileReference; lastKnownFileType = text.plist.xml; path = Info.plist; sourceTree = "<group>"; };
		0A537D3C247E422A006E17C0 /* GPUImage.framework */ = {isa = PBXFileReference; explicitFileType = wrapper.framework; path = GPUImage.framework; sourceTree = BUILT_PRODUCTS_DIR; };
		0A86E467247A350B00937CFC /* SPAlertHelper.swift */ = {isa = PBXFileReference; lastKnownFileType = sourcecode.swift; path = SPAlertHelper.swift; sourceTree = "<group>"; };
		0A9C07622494E67B003A0D16 /* LeaksImageFilter.swift */ = {isa = PBXFileReference; lastKnownFileType = sourcecode.swift; path = LeaksImageFilter.swift; sourceTree = "<group>"; };
		0A9F7F14248200800088E053 /* EmptyView.swift */ = {isa = PBXFileReference; lastKnownFileType = sourcecode.swift; path = EmptyView.swift; sourceTree = "<group>"; };
		0AADEE6E247B6541009FFA52 /* AlertHelper.swift */ = {isa = PBXFileReference; lastKnownFileType = sourcecode.swift; path = AlertHelper.swift; sourceTree = "<group>"; };
		0AADEE70247B6987009FFA52 /* DataEngine.swift */ = {isa = PBXFileReference; lastKnownFileType = sourcecode.swift; path = DataEngine.swift; sourceTree = "<group>"; };
		0AADEE73247B732E009FFA52 /* LabCollectionViewController.swift */ = {isa = PBXFileReference; lastKnownFileType = sourcecode.swift; path = LabCollectionViewController.swift; sourceTree = "<group>"; };
		0AADEE79247BB48E009FFA52 /* LabCollectionViewCell.swift */ = {isa = PBXFileReference; lastKnownFileType = sourcecode.swift; path = LabCollectionViewCell.swift; sourceTree = "<group>"; };
		0AB96FFB248A99FF00F1FF3C /* CloseButton.swift */ = {isa = PBXFileReference; lastKnownFileType = sourcecode.swift; path = CloseButton.swift; sourceTree = "<group>"; };
		0ABD6D3C2497803500C3CC4B /* Photo.swift */ = {isa = PBXFileReference; lastKnownFileType = sourcecode.swift; path = Photo.swift; sourceTree = "<group>"; };
		0ABD6D3E249781C300C3CC4B /* ImageCacheEngine.swift */ = {isa = PBXFileReference; lastKnownFileType = sourcecode.swift; path = ImageCacheEngine.swift; sourceTree = "<group>"; };
		0ABD6D40249781EB00C3CC4B /* ImageURLProtocol.swift */ = {isa = PBXFileReference; lastKnownFileType = sourcecode.swift; path = ImageURLProtocol.swift; sourceTree = "<group>"; };
		0AC407C6247DDE2100BB0270 /* FilterEngine.swift */ = {isa = PBXFileReference; lastKnownFileType = sourcecode.swift; path = FilterEngine.swift; sourceTree = "<group>"; };
		0AC407C9247DE04F00BB0270 /* FilterFactory.swift */ = {isa = PBXFileReference; lastKnownFileType = sourcecode.swift; path = FilterFactory.swift; sourceTree = "<group>"; };
		0AC407CB247DE0C300BB0270 /* LUTImageFilter.swift */ = {isa = PBXFileReference; lastKnownFileType = sourcecode.swift; path = LUTImageFilter.swift; sourceTree = "<group>"; };
		0AC407CD247DE90C00BB0270 /* GrainImageFilter.swift */ = {isa = PBXFileReference; lastKnownFileType = sourcecode.swift; path = GrainImageFilter.swift; sourceTree = "<group>"; };
		0AC54C9E248AAB7C00D64D05 /* AppearanceTableViewController.swift */ = {isa = PBXFileReference; lastKnownFileType = sourcecode.swift; path = AppearanceTableViewController.swift; sourceTree = "<group>"; };
		0ACCFE63248B3DE500A9F9CB /* UserDefaultsHelper.swift */ = {isa = PBXFileReference; lastKnownFileType = sourcecode.swift; path = UserDefaultsHelper.swift; sourceTree = "<group>"; };
		0AE49F172493C41C0057A729 /* DustImageFilter.swift */ = {isa = PBXFileReference; lastKnownFileType = sourcecode.swift; path = DustImageFilter.swift; sourceTree = "<group>"; };
		0AE49F192493C7B50057A729 /* FilterType.swift */ = {isa = PBXFileReference; lastKnownFileType = sourcecode.swift; path = FilterType.swift; sourceTree = "<group>"; };
		0AEA623124878596004B9313 /* PhotoDisplayViewController.swift */ = {isa = PBXFileReference; lastKnownFileType = sourcecode.swift; path = PhotoDisplayViewController.swift; sourceTree = "<group>"; };
		0AEBF1FC2495BCCA007CFAC6 /* OnboardingViewController.swift */ = {isa = PBXFileReference; lastKnownFileType = sourcecode.swift; path = OnboardingViewController.swift; sourceTree = "<group>"; };
		0AEE932F247C983800F485C0 /* ShareHelper.swift */ = {isa = PBXFileReference; lastKnownFileType = sourcecode.swift; path = ShareHelper.swift; sourceTree = "<group>"; };
/* End PBXFileReference section */

/* Begin PBXFrameworksBuildPhase section */
		0A44B2942476A7F000603F2C /* Frameworks */ = {
			isa = PBXFrameworksBuildPhase;
			buildActionMask = 2147483647;
			files = (
				0A537D3D247E422A006E17C0 /* GPUImage.framework in Frameworks */,
				0AEA623024878522004B9313 /* DTPhotoViewerController in Frameworks */,
				0A0F94CE247E501300E33AEC /* PanModal in Frameworks */,
				0A1D97D02477EFB900E4078F /* SPAlert in Frameworks */,
				0A1D97BC2477B80D00E4078F /* CameraManager in Frameworks */,
				0A1D97C12477BACE00E4078F /* SnapKit in Frameworks */,
			);
			runOnlyForDeploymentPostprocessing = 0;
		};
/* End PBXFrameworksBuildPhase section */

/* Begin PBXGroup section */
		0A026078249728C9009C26FB /* Font */ = {
			isa = PBXGroup;
			children = (
				0A02607D24972D13009C26FB /* Date Stamp Bold.otf */,
			);
			path = Font;
			sourceTree = "<group>";
		};
		0A03EAFD2480AB84001D8006 /* FX */ = {
			isa = PBXGroup;
			children = (
				0A03EAFE2480ABC4001D8006 /* FXCollectionViewController.swift */,
				0A03EB002480ABD1001D8006 /* FXCollectionViewCell.swift */,
			);
			path = FX;
			sourceTree = "<group>";
		};
		0A1D97C22477BE7800E4078F /* Camera */ = {
			isa = PBXGroup;
			children = (
				0A1D97C92477CB9C00E4078F /* CameraActionView */,
				0A44B29E2476A7F000603F2C /* CameraViewController.swift */,
			);
			path = Camera;
			sourceTree = "<group>";
		};
		0A1D97C92477CB9C00E4078F /* CameraActionView */ = {
			isa = PBXGroup;
			children = (
				0A1D97C72477C17A00E4078F /* CameraActionViewController.swift */,
				0A1D97CA2477CBB100E4078F /* ShutterButtonViewController.swift */,
			);
			path = CameraActionView;
			sourceTree = "<group>";
		};
		0A44B28E2476A7F000603F2C = {
			isa = PBXGroup;
			children = (
				0A44B2992476A7F000603F2C /* Kontax Cam */,
				0A44B2982476A7F000603F2C /* Products */,
				816177D18B28A96025786676 /* Pods */,
				0AC407E5247E381000BB0270 /* Frameworks */,
			);
			sourceTree = "<group>";
		};
		0A44B2982476A7F000603F2C /* Products */ = {
			isa = PBXGroup;
			children = (
				0A44B2972476A7F000603F2C /* Kontax Cam.app */,
			);
			name = Products;
			sourceTree = "<group>";
		};
		0A44B2992476A7F000603F2C /* Kontax Cam */ = {
			isa = PBXGroup;
			children = (
				0ABD6D3A2497802400C3CC4B /* Model */,
				0A44B2B02476A80D00603F2C /* Utils */,
				0A44B2AF2476A80700603F2C /* Engine */,
				0A44B2AE2476A80300603F2C /* App */,
				0A44B29A2476A7F000603F2C /* AppDelegate.swift */,
				0A44B29C2476A7F000603F2C /* SceneDelegate.swift */,
				0A44B2A02476A7F000603F2C /* Main.storyboard */,
				0A44B2A32476A7F100603F2C /* Assets.xcassets */,
				0A44B2A52476A7F100603F2C /* LaunchScreen.storyboard */,
				0A44B2A82476A7F100603F2C /* Info.plist */,
			);
			path = "Kontax Cam";
			sourceTree = "<group>";
		};
		0A44B2AE2476A80300603F2C /* App */ = {
			isa = PBXGroup;
			children = (
				0AEBF1FB2495BCB7007CFAC6 /* Onboarding */,
				0A4D6E53247A472100E039FC /* Filter List */,
				0A03EAFD2480AB84001D8006 /* FX */,
				0AADEE72247B731C009FFA52 /* Lab */,
				0A5290A9247AB43900BA0D57 /* Settings */,
				0A4D6E5E247A5AD500E039FC /* PhotoDisplay */,
				0A1D97C22477BE7800E4078F /* Camera */,
			);
			path = App;
			sourceTree = "<group>";
		};
		0A44B2AF2476A80700603F2C /* Engine */ = {
			isa = PBXGroup;
			children = (
				0ABD6D442497840A00C3CC4B /* AsyncImageLoaderEngine */,
				0AC407C8247DE03700BB0270 /* FilterFactory */,
				0AC407C6247DDE2100BB0270 /* FilterEngine.swift */,
				0A1D97D32477F38900E4078F /* TimerEngine.swift */,
				0AADEE70247B6987009FFA52 /* DataEngine.swift */,
				0A1D97D82478083900E4078F /* PhotoLibraryEngine.swift */,
			);
			path = Engine;
			sourceTree = "<group>";
		};
		0A44B2B02476A80D00603F2C /* Utils */ = {
			isa = PBXGroup;
			children = (
				0A026078249728C9009C26FB /* Font */,
				0AB96FFA248A99E400F1FF3C /* Components */,
				0A3D557F247F70FC00BC0477 /* PanModalNavigationController.swift */,
				0A0F94D1247E55AC00E33AEC /* ModalHeaderPresentable.swift */,
				0A1D97C32477BFAE00E4078F /* SVHelper.swift */,
				0A1D97CC2477DDB900E4078F /* IconHelper.swift */,
				0A1D97D12477F21C00E4078F /* TapticHelper.swift */,
				0A86E467247A350B00937CFC /* SPAlertHelper.swift */,
				0AADEE6E247B6541009FFA52 /* AlertHelper.swift */,
				0AEE932F247C983800F485C0 /* ShareHelper.swift */,
				0ACCFE63248B3DE500A9F9CB /* UserDefaultsHelper.swift */,
				0A1D97BD2477B94F00E4078F /* VC+.swift */,
			);
			path = Utils;
			sourceTree = "<group>";
		};
		0A4D6E53247A472100E039FC /* Filter List */ = {
			isa = PBXGroup;
			children = (
				0A3D5579247F569E00BC0477 /* FiltersCollectionViewController.swift */,
				0A3D557B247F5A4100BC0477 /* FiltersCollectionViewCell.swift */,
			);
			path = "Filter List";
			sourceTree = "<group>";
		};
		0A4D6E5E247A5AD500E039FC /* PhotoDisplay */ = {
			isa = PBXGroup;
			children = (
				0AEA623124878596004B9313 /* PhotoDisplayViewController.swift */,
			);
			path = PhotoDisplay;
			sourceTree = "<group>";
		};
		0A5290A9247AB43900BA0D57 /* Settings */ = {
			isa = PBXGroup;
			children = (
				0AC54C9D248AAB5900D64D05 /* Appearance */,
				0A3DFB9C2493ACC600765304 /* SettingsTableViewController.swift */,
			);
			path = Settings;
			sourceTree = "<group>";
		};
		0AADEE72247B731C009FFA52 /* Lab */ = {
			isa = PBXGroup;
			children = (
				0AADEE73247B732E009FFA52 /* LabCollectionViewController.swift */,
				0AADEE79247BB48E009FFA52 /* LabCollectionViewCell.swift */,
				0A9F7F14248200800088E053 /* EmptyView.swift */,
				0A0260762497179F009C26FB /* PreviewViewController.swift */,
			);
			path = Lab;
			sourceTree = "<group>";
		};
		0AB96FFA248A99E400F1FF3C /* Components */ = {
			isa = PBXGroup;
			children = (
				0AB96FFB248A99FF00F1FF3C /* CloseButton.swift */,
				0A02607B24972978009C26FB /* DatestampLabel.swift */,
			);
			path = Components;
			sourceTree = "<group>";
		};
		0ABD6D3A2497802400C3CC4B /* Model */ = {
			isa = PBXGroup;
			children = (
				0ABD6D3C2497803500C3CC4B /* Photo.swift */,
			);
			path = Model;
			sourceTree = "<group>";
		};
		0ABD6D442497840A00C3CC4B /* AsyncImageLoaderEngine */ = {
			isa = PBXGroup;
			children = (
				0ABD6D40249781EB00C3CC4B /* ImageURLProtocol.swift */,
				0ABD6D3E249781C300C3CC4B /* ImageCacheEngine.swift */,
			);
			path = AsyncImageLoaderEngine;
			sourceTree = "<group>";
		};
		0AC407C8247DE03700BB0270 /* FilterFactory */ = {
			isa = PBXGroup;
			children = (
				0AE49F192493C7B50057A729 /* FilterType.swift */,
				0AC407C9247DE04F00BB0270 /* FilterFactory.swift */,
				0AC407CB247DE0C300BB0270 /* LUTImageFilter.swift */,
				0AC407CD247DE90C00BB0270 /* GrainImageFilter.swift */,
				0AE49F172493C41C0057A729 /* DustImageFilter.swift */,
				0A9C07622494E67B003A0D16 /* LeaksImageFilter.swift */,
				0A0260812497334C009C26FB /* DatestampImageFilter.swift */,
			);
			path = FilterFactory;
			sourceTree = "<group>";
		};
		0AC407E5247E381000BB0270 /* Frameworks */ = {
			isa = PBXGroup;
			children = (
				0A537D3C247E422A006E17C0 /* GPUImage.framework */,
			);
			name = Frameworks;
			sourceTree = "<group>";
		};
		0AC54C9D248AAB5900D64D05 /* Appearance */ = {
			isa = PBXGroup;
			children = (
				0AC54C9E248AAB7C00D64D05 /* AppearanceTableViewController.swift */,
			);
			path = Appearance;
			sourceTree = "<group>";
		};
		0AEBF1FB2495BCB7007CFAC6 /* Onboarding */ = {
			isa = PBXGroup;
			children = (
				0AEBF1FC2495BCCA007CFAC6 /* OnboardingViewController.swift */,
			);
			path = Onboarding;
			sourceTree = "<group>";
		};
		816177D18B28A96025786676 /* Pods */ = {
			isa = PBXGroup;
			children = (
			);
			path = Pods;
			sourceTree = "<group>";
		};
/* End PBXGroup section */

/* Begin PBXNativeTarget section */
		0A44B2962476A7F000603F2C /* Kontax Cam */ = {
			isa = PBXNativeTarget;
			buildConfigurationList = 0A44B2AB2476A7F100603F2C /* Build configuration list for PBXNativeTarget "Kontax Cam" */;
			buildPhases = (
				0A44B2932476A7F000603F2C /* Sources */,
				0A44B2942476A7F000603F2C /* Frameworks */,
				0A44B2952476A7F000603F2C /* Resources */,
				0AC407E9247E383E00BB0270 /* CopyFiles */,
			);
			buildRules = (
			);
			dependencies = (
			);
			name = "Kontax Cam";
			packageProductDependencies = (
				0A1D97BB2477B80D00E4078F /* CameraManager */,
				0A1D97C02477BACE00E4078F /* SnapKit */,
				0A1D97CF2477EFB900E4078F /* SPAlert */,
				0A0F94CD247E501300E33AEC /* PanModal */,
				0AEA622F24878522004B9313 /* DTPhotoViewerController */,
			);
			productName = "Kontax Cam";
			productReference = 0A44B2972476A7F000603F2C /* Kontax Cam.app */;
			productType = "com.apple.product-type.application";
		};
/* End PBXNativeTarget section */

/* Begin PBXProject section */
		0A44B28F2476A7F000603F2C /* Project object */ = {
			isa = PBXProject;
			attributes = {
				LastSwiftUpdateCheck = 1140;
				LastUpgradeCheck = 1140;
				ORGANIZATIONNAME = "Kevin Laminto";
				TargetAttributes = {
					0A44B2962476A7F000603F2C = {
						CreatedOnToolsVersion = 11.4.1;
					};
				};
			};
			buildConfigurationList = 0A44B2922476A7F000603F2C /* Build configuration list for PBXProject "Kontax Cam" */;
			compatibilityVersion = "Xcode 9.3";
			developmentRegion = en;
			hasScannedForEncodings = 0;
			knownRegions = (
				en,
				Base,
			);
			mainGroup = 0A44B28E2476A7F000603F2C;
			packageReferences = (
				0A1D97BA2477B80D00E4078F /* XCRemoteSwiftPackageReference "CameraManager" */,
				0A1D97BF2477BACE00E4078F /* XCRemoteSwiftPackageReference "SnapKit" */,
				0A1D97CE2477EFB900E4078F /* XCRemoteSwiftPackageReference "SPAlert" */,
				0A0F94CC247E501300E33AEC /* XCRemoteSwiftPackageReference "PanModal" */,
				0AEA622E24878522004B9313 /* XCRemoteSwiftPackageReference "DTPhotoViewerController" */,
			);
			productRefGroup = 0A44B2982476A7F000603F2C /* Products */;
			projectDirPath = "";
			projectRoot = "";
			targets = (
				0A44B2962476A7F000603F2C /* Kontax Cam */,
			);
		};
/* End PBXProject section */

/* Begin PBXResourcesBuildPhase section */
		0A44B2952476A7F000603F2C /* Resources */ = {
			isa = PBXResourcesBuildPhase;
			buildActionMask = 2147483647;
			files = (
				0A44B2A72476A7F100603F2C /* LaunchScreen.storyboard in Resources */,
				0A44B2A42476A7F100603F2C /* Assets.xcassets in Resources */,
				0A02607E24972D13009C26FB /* Date Stamp Bold.otf in Resources */,
				0A44B2A22476A7F000603F2C /* Main.storyboard in Resources */,
			);
			runOnlyForDeploymentPostprocessing = 0;
		};
/* End PBXResourcesBuildPhase section */

/* Begin PBXSourcesBuildPhase section */
		0A44B2932476A7F000603F2C /* Sources */ = {
			isa = PBXSourcesBuildPhase;
			buildActionMask = 2147483647;
			files = (
				0AE49F1A2493C7B50057A729 /* FilterType.swift in Sources */,
				0A0F94D2247E55AC00E33AEC /* ModalHeaderPresentable.swift in Sources */,
				0AADEE74247B732E009FFA52 /* LabCollectionViewController.swift in Sources */,
				0A1D97CB2477CBB100E4078F /* ShutterButtonViewController.swift in Sources */,
				0AC407CE247DE90C00BB0270 /* GrainImageFilter.swift in Sources */,
				0A44B29F2476A7F000603F2C /* CameraViewController.swift in Sources */,
				0A9C07632494E67B003A0D16 /* LeaksImageFilter.swift in Sources */,
				0A44B29B2476A7F000603F2C /* AppDelegate.swift in Sources */,
				0A3DFB9D2493ACC600765304 /* SettingsTableViewController.swift in Sources */,
				0A1D97BE2477B94F00E4078F /* VC+.swift in Sources */,
				0A3D557A247F569E00BC0477 /* FiltersCollectionViewController.swift in Sources */,
				0AADEE6F247B6541009FFA52 /* AlertHelper.swift in Sources */,
				0ABD6D3F249781C300C3CC4B /* ImageCacheEngine.swift in Sources */,
				0A86E468247A350B00937CFC /* SPAlertHelper.swift in Sources */,
				0AC407C7247DDE2100BB0270 /* FilterEngine.swift in Sources */,
				0ACCFE64248B3DE500A9F9CB /* UserDefaultsHelper.swift in Sources */,
				0AC407CA247DE04F00BB0270 /* FilterFactory.swift in Sources */,
				0A02607C24972978009C26FB /* DatestampLabel.swift in Sources */,
				0A03EAFF2480ABC4001D8006 /* FXCollectionViewController.swift in Sources */,
				0A1D97C42477BFAE00E4078F /* SVHelper.swift in Sources */,
				0AC407CC247DE0C300BB0270 /* LUTImageFilter.swift in Sources */,
				0ABD6D41249781EB00C3CC4B /* ImageURLProtocol.swift in Sources */,
				0ABD6D3D2497803500C3CC4B /* Photo.swift in Sources */,
				0A3D5580247F70FC00BC0477 /* PanModalNavigationController.swift in Sources */,
				0A1D97D22477F21C00E4078F /* TapticHelper.swift in Sources */,
				0A1D97C82477C17A00E4078F /* CameraActionViewController.swift in Sources */,
				0AADEE71247B6987009FFA52 /* DataEngine.swift in Sources */,
				0A9F7F15248200800088E053 /* EmptyView.swift in Sources */,
				0A0260822497334D009C26FB /* DatestampImageFilter.swift in Sources */,
				0A1D97CD2477DDB900E4078F /* IconHelper.swift in Sources */,
				0AEA623224878596004B9313 /* PhotoDisplayViewController.swift in Sources */,
				0AADEE7A247BB48E009FFA52 /* LabCollectionViewCell.swift in Sources */,
				0A3D557C247F5A4100BC0477 /* FiltersCollectionViewCell.swift in Sources */,
				0A03EB012480ABD1001D8006 /* FXCollectionViewCell.swift in Sources */,
				0A0260772497179F009C26FB /* PreviewViewController.swift in Sources */,
				0A44B29D2476A7F000603F2C /* SceneDelegate.swift in Sources */,
				0A1D97D92478083900E4078F /* PhotoLibraryEngine.swift in Sources */,
				0AEBF1FD2495BCCA007CFAC6 /* OnboardingViewController.swift in Sources */,
				0AEE9330247C983800F485C0 /* ShareHelper.swift in Sources */,
				0AC54C9F248AAB7C00D64D05 /* AppearanceTableViewController.swift in Sources */,
				0AB96FFC248A99FF00F1FF3C /* CloseButton.swift in Sources */,
				0A1D97D42477F38900E4078F /* TimerEngine.swift in Sources */,
				0AE49F182493C41C0057A729 /* DustImageFilter.swift in Sources */,
			);
			runOnlyForDeploymentPostprocessing = 0;
		};
/* End PBXSourcesBuildPhase section */

/* Begin PBXVariantGroup section */
		0A44B2A02476A7F000603F2C /* Main.storyboard */ = {
			isa = PBXVariantGroup;
			children = (
				0A44B2A12476A7F000603F2C /* Base */,
			);
			name = Main.storyboard;
			sourceTree = "<group>";
		};
		0A44B2A52476A7F100603F2C /* LaunchScreen.storyboard */ = {
			isa = PBXVariantGroup;
			children = (
				0A44B2A62476A7F100603F2C /* Base */,
			);
			name = LaunchScreen.storyboard;
			sourceTree = "<group>";
		};
/* End PBXVariantGroup section */

/* Begin XCBuildConfiguration section */
		0A44B2A92476A7F100603F2C /* Debug */ = {
			isa = XCBuildConfiguration;
			buildSettings = {
				ALWAYS_SEARCH_USER_PATHS = NO;
				CLANG_ANALYZER_NONNULL = YES;
				CLANG_ANALYZER_NUMBER_OBJECT_CONVERSION = YES_AGGRESSIVE;
				CLANG_CXX_LANGUAGE_STANDARD = "gnu++14";
				CLANG_CXX_LIBRARY = "libc++";
				CLANG_ENABLE_MODULES = YES;
				CLANG_ENABLE_OBJC_ARC = YES;
				CLANG_ENABLE_OBJC_WEAK = YES;
				CLANG_WARN_BLOCK_CAPTURE_AUTORELEASING = YES;
				CLANG_WARN_BOOL_CONVERSION = YES;
				CLANG_WARN_COMMA = YES;
				CLANG_WARN_CONSTANT_CONVERSION = YES;
				CLANG_WARN_DEPRECATED_OBJC_IMPLEMENTATIONS = YES;
				CLANG_WARN_DIRECT_OBJC_ISA_USAGE = YES_ERROR;
				CLANG_WARN_DOCUMENTATION_COMMENTS = YES;
				CLANG_WARN_EMPTY_BODY = YES;
				CLANG_WARN_ENUM_CONVERSION = YES;
				CLANG_WARN_INFINITE_RECURSION = YES;
				CLANG_WARN_INT_CONVERSION = YES;
				CLANG_WARN_NON_LITERAL_NULL_CONVERSION = YES;
				CLANG_WARN_OBJC_IMPLICIT_RETAIN_SELF = YES;
				CLANG_WARN_OBJC_LITERAL_CONVERSION = YES;
				CLANG_WARN_OBJC_ROOT_CLASS = YES_ERROR;
				CLANG_WARN_RANGE_LOOP_ANALYSIS = YES;
				CLANG_WARN_STRICT_PROTOTYPES = YES;
				CLANG_WARN_SUSPICIOUS_MOVE = YES;
				CLANG_WARN_UNGUARDED_AVAILABILITY = YES_AGGRESSIVE;
				CLANG_WARN_UNREACHABLE_CODE = YES;
				CLANG_WARN__DUPLICATE_METHOD_MATCH = YES;
				COPY_PHASE_STRIP = NO;
				DEBUG_INFORMATION_FORMAT = dwarf;
				ENABLE_STRICT_OBJC_MSGSEND = YES;
				ENABLE_TESTABILITY = YES;
				GCC_C_LANGUAGE_STANDARD = gnu11;
				GCC_DYNAMIC_NO_PIC = NO;
				GCC_NO_COMMON_BLOCKS = YES;
				GCC_OPTIMIZATION_LEVEL = 0;
				GCC_PREPROCESSOR_DEFINITIONS = (
					"DEBUG=1",
					"$(inherited)",
				);
				GCC_WARN_64_TO_32_BIT_CONVERSION = YES;
				GCC_WARN_ABOUT_RETURN_TYPE = YES_ERROR;
				GCC_WARN_UNDECLARED_SELECTOR = YES;
				GCC_WARN_UNINITIALIZED_AUTOS = YES_AGGRESSIVE;
				GCC_WARN_UNUSED_FUNCTION = YES;
				GCC_WARN_UNUSED_VARIABLE = YES;
				IPHONEOS_DEPLOYMENT_TARGET = 13.4;
				MTL_ENABLE_DEBUG_INFO = INCLUDE_SOURCE;
				MTL_FAST_MATH = YES;
				ONLY_ACTIVE_ARCH = YES;
				SDKROOT = iphoneos;
				SWIFT_ACTIVE_COMPILATION_CONDITIONS = DEBUG;
				SWIFT_OPTIMIZATION_LEVEL = "-Onone";
			};
			name = Debug;
		};
		0A44B2AA2476A7F100603F2C /* Release */ = {
			isa = XCBuildConfiguration;
			buildSettings = {
				ALWAYS_SEARCH_USER_PATHS = NO;
				CLANG_ANALYZER_NONNULL = YES;
				CLANG_ANALYZER_NUMBER_OBJECT_CONVERSION = YES_AGGRESSIVE;
				CLANG_CXX_LANGUAGE_STANDARD = "gnu++14";
				CLANG_CXX_LIBRARY = "libc++";
				CLANG_ENABLE_MODULES = YES;
				CLANG_ENABLE_OBJC_ARC = YES;
				CLANG_ENABLE_OBJC_WEAK = YES;
				CLANG_WARN_BLOCK_CAPTURE_AUTORELEASING = YES;
				CLANG_WARN_BOOL_CONVERSION = YES;
				CLANG_WARN_COMMA = YES;
				CLANG_WARN_CONSTANT_CONVERSION = YES;
				CLANG_WARN_DEPRECATED_OBJC_IMPLEMENTATIONS = YES;
				CLANG_WARN_DIRECT_OBJC_ISA_USAGE = YES_ERROR;
				CLANG_WARN_DOCUMENTATION_COMMENTS = YES;
				CLANG_WARN_EMPTY_BODY = YES;
				CLANG_WARN_ENUM_CONVERSION = YES;
				CLANG_WARN_INFINITE_RECURSION = YES;
				CLANG_WARN_INT_CONVERSION = YES;
				CLANG_WARN_NON_LITERAL_NULL_CONVERSION = YES;
				CLANG_WARN_OBJC_IMPLICIT_RETAIN_SELF = YES;
				CLANG_WARN_OBJC_LITERAL_CONVERSION = YES;
				CLANG_WARN_OBJC_ROOT_CLASS = YES_ERROR;
				CLANG_WARN_RANGE_LOOP_ANALYSIS = YES;
				CLANG_WARN_STRICT_PROTOTYPES = YES;
				CLANG_WARN_SUSPICIOUS_MOVE = YES;
				CLANG_WARN_UNGUARDED_AVAILABILITY = YES_AGGRESSIVE;
				CLANG_WARN_UNREACHABLE_CODE = YES;
				CLANG_WARN__DUPLICATE_METHOD_MATCH = YES;
				COPY_PHASE_STRIP = NO;
				DEBUG_INFORMATION_FORMAT = "dwarf-with-dsym";
				ENABLE_NS_ASSERTIONS = NO;
				ENABLE_STRICT_OBJC_MSGSEND = YES;
				GCC_C_LANGUAGE_STANDARD = gnu11;
				GCC_NO_COMMON_BLOCKS = YES;
				GCC_WARN_64_TO_32_BIT_CONVERSION = YES;
				GCC_WARN_ABOUT_RETURN_TYPE = YES_ERROR;
				GCC_WARN_UNDECLARED_SELECTOR = YES;
				GCC_WARN_UNINITIALIZED_AUTOS = YES_AGGRESSIVE;
				GCC_WARN_UNUSED_FUNCTION = YES;
				GCC_WARN_UNUSED_VARIABLE = YES;
				IPHONEOS_DEPLOYMENT_TARGET = 13.4;
				MTL_ENABLE_DEBUG_INFO = NO;
				MTL_FAST_MATH = YES;
				SDKROOT = iphoneos;
				SWIFT_COMPILATION_MODE = wholemodule;
				SWIFT_OPTIMIZATION_LEVEL = "-O";
				VALIDATE_PRODUCT = YES;
			};
			name = Release;
		};
		0A44B2AC2476A7F100603F2C /* Debug */ = {
			isa = XCBuildConfiguration;
			buildSettings = {
				ASSETCATALOG_COMPILER_APPICON_NAME = AppIcon;
				CODE_SIGN_STYLE = Automatic;
				DEVELOPMENT_TEAM = D87H8GPTK2;
				INFOPLIST_FILE = "Kontax Cam/Info.plist";
				IPHONEOS_DEPLOYMENT_TARGET = 13.0;
				LD_RUNPATH_SEARCH_PATHS = (
					"$(inherited)",
					"@executable_path/Frameworks",
				);
				PRODUCT_BUNDLE_IDENTIFIER = "com.kevinlaminto.Kontax-Cam";
				PRODUCT_NAME = "$(TARGET_NAME)";
				SWIFT_VERSION = 5.0;
				TARGETED_DEVICE_FAMILY = 1;
			};
			name = Debug;
		};
		0A44B2AD2476A7F100603F2C /* Release */ = {
			isa = XCBuildConfiguration;
			buildSettings = {
				ASSETCATALOG_COMPILER_APPICON_NAME = AppIcon;
				CODE_SIGN_STYLE = Automatic;
				DEVELOPMENT_TEAM = D87H8GPTK2;
				INFOPLIST_FILE = "Kontax Cam/Info.plist";
				IPHONEOS_DEPLOYMENT_TARGET = 13.0;
				LD_RUNPATH_SEARCH_PATHS = (
					"$(inherited)",
					"@executable_path/Frameworks",
				);
				PRODUCT_BUNDLE_IDENTIFIER = "com.kevinlaminto.Kontax-Cam";
				PRODUCT_NAME = "$(TARGET_NAME)";
				SWIFT_VERSION = 5.0;
				TARGETED_DEVICE_FAMILY = 1;
			};
			name = Release;
		};
/* End XCBuildConfiguration section */

/* Begin XCConfigurationList section */
		0A44B2922476A7F000603F2C /* Build configuration list for PBXProject "Kontax Cam" */ = {
			isa = XCConfigurationList;
			buildConfigurations = (
				0A44B2A92476A7F100603F2C /* Debug */,
				0A44B2AA2476A7F100603F2C /* Release */,
			);
			defaultConfigurationIsVisible = 0;
			defaultConfigurationName = Release;
		};
		0A44B2AB2476A7F100603F2C /* Build configuration list for PBXNativeTarget "Kontax Cam" */ = {
			isa = XCConfigurationList;
			buildConfigurations = (
				0A44B2AC2476A7F100603F2C /* Debug */,
				0A44B2AD2476A7F100603F2C /* Release */,
			);
			defaultConfigurationIsVisible = 0;
			defaultConfigurationName = Release;
		};
/* End XCConfigurationList section */

/* Begin XCRemoteSwiftPackageReference section */
		0A0F94CC247E501300E33AEC /* XCRemoteSwiftPackageReference "PanModal" */ = {
			isa = XCRemoteSwiftPackageReference;
			repositoryURL = "https://github.com/slackhq/PanModal";
			requirement = {
				kind = upToNextMajorVersion;
				minimumVersion = 1.2.7;
			};
		};
		0A1D97BA2477B80D00E4078F /* XCRemoteSwiftPackageReference "CameraManager" */ = {
			isa = XCRemoteSwiftPackageReference;
			repositoryURL = "https://github.com/imaginary-cloud/CameraManager";
			requirement = {
				kind = upToNextMajorVersion;
				minimumVersion = 5.1.3;
			};
		};
		0A1D97BF2477BACE00E4078F /* XCRemoteSwiftPackageReference "SnapKit" */ = {
			isa = XCRemoteSwiftPackageReference;
			repositoryURL = "https://github.com/SnapKit/SnapKit";
			requirement = {
				kind = upToNextMajorVersion;
				minimumVersion = 5.0.1;
			};
		};
		0A1D97CE2477EFB900E4078F /* XCRemoteSwiftPackageReference "SPAlert" */ = {
			isa = XCRemoteSwiftPackageReference;
			repositoryURL = "https://github.com/ivanvorobei/SPAlert";
			requirement = {
				kind = upToNextMajorVersion;
				minimumVersion = 2.1.4;
			};
		};
		0AEA622E24878522004B9313 /* XCRemoteSwiftPackageReference "DTPhotoViewerController" */ = {
			isa = XCRemoteSwiftPackageReference;
			repositoryURL = "https://github.com/tungvoduc/DTPhotoViewerController";
			requirement = {
				kind = upToNextMajorVersion;
				minimumVersion = 3.1.1;
			};
		};
/* End XCRemoteSwiftPackageReference section */

/* Begin XCSwiftPackageProductDependency section */
		0A0F94CD247E501300E33AEC /* PanModal */ = {
			isa = XCSwiftPackageProductDependency;
			package = 0A0F94CC247E501300E33AEC /* XCRemoteSwiftPackageReference "PanModal" */;
			productName = PanModal;
		};
		0A1D97BB2477B80D00E4078F /* CameraManager */ = {
			isa = XCSwiftPackageProductDependency;
			package = 0A1D97BA2477B80D00E4078F /* XCRemoteSwiftPackageReference "CameraManager" */;
			productName = CameraManager;
		};
		0A1D97C02477BACE00E4078F /* SnapKit */ = {
			isa = XCSwiftPackageProductDependency;
			package = 0A1D97BF2477BACE00E4078F /* XCRemoteSwiftPackageReference "SnapKit" */;
			productName = SnapKit;
		};
		0A1D97CF2477EFB900E4078F /* SPAlert */ = {
			isa = XCSwiftPackageProductDependency;
			package = 0A1D97CE2477EFB900E4078F /* XCRemoteSwiftPackageReference "SPAlert" */;
			productName = SPAlert;
		};
		0AEA622F24878522004B9313 /* DTPhotoViewerController */ = {
			isa = XCSwiftPackageProductDependency;
			package = 0AEA622E24878522004B9313 /* XCRemoteSwiftPackageReference "DTPhotoViewerController" */;
			productName = DTPhotoViewerController;
		};
/* End XCSwiftPackageProductDependency section */
	};
	rootObject = 0A44B28F2476A7F000603F2C /* Project object */;
}
